<?xml version="1.0" encoding="UTF-8"?>
<!DOCTYPE plist PUBLIC "-//Apple//DTD PLIST 1.0//EN" "http://www.apple.com/DTDs/PropertyList-1.0.dtd">
<plist version="1.0">
<dict>
	<key>archiveVersion</key>
	<string>1</string>
	<key>classes</key>
	<dict/>
	<key>objectVersion</key>
	<string>46</string>
	<key>objects</key>
	<dict>
		<key>01235d861942e7c44411dc93</key>
		<dict>
			<key>fileRef</key>
			<string>D012CBF01BAFAD7D0035BEEA</string>
			<key>isa</key>
			<string>PBXBuildFile</string>
		</dict>
		<key>0279ae90f1a3e36306a0d455</key>
		<dict>
			<key>fileRef</key>
			<string>D0A57A8D1BA9661300412A13</string>
			<key>isa</key>
			<string>PBXBuildFile</string>
		</dict>
		<key>075e2ff5b3a18a55525018cd</key>
		<dict>
			<key>fileRef</key>
			<string>b2109c4fb43c7919506df974</string>
			<key>isa</key>
			<string>PBXBuildFile</string>
		</dict>
		<key>07ef37ebc0581a019f69b298</key>
		<dict>
			<key>fileRef</key>
			<string>D0404A381BABFE180072DF55</string>
			<key>isa</key>
			<string>PBXBuildFile</string>
		</dict>
		<key>0C14C62FC6AE497BE2199B40</key>
		<dict>
			<key>fileRef</key>
			<string>2C291F9DF2D02D2D58B8304F</string>
			<key>isa</key>
			<string>PBXBuildFile</string>
			<key>settings</key>
			<dict>
				<key>ATTRIBUTES</key>
				<array>
					<string>Weak</string>
				</array>
			</dict>
		</dict>
		<key>10D0A244F281B376A76007C4</key>
		<dict>
			<key>buildActionMask</key>
			<string>2147483647</string>
			<key>files</key>
			<array/>
			<key>inputPaths</key>
			<array/>
			<key>isa</key>
			<string>PBXShellScriptBuildPhase</string>
			<key>name</key>
			<string>Copy Pods Resources</string>
			<key>outputPaths</key>
			<array/>
			<key>runOnlyForDeploymentPostprocessing</key>
			<string>0</string>
			<key>shellPath</key>
			<string>/bin/sh</string>
			<key>shellScript</key>
			<string>"${SRCROOT}/Pods/Target Support Files/Pods-BlogTests/Pods-BlogTests-resources.sh"
</string>
			<key>showEnvVarsInLog</key>
			<string>0</string>
		</dict>
		<key>1779A4D2ADD1EDB9A4142437</key>
		<dict>
			<key>explicitFileType</key>
			<string>wrapper.framework</string>
			<key>includeInIndex</key>
			<string>0</string>
			<key>isa</key>
			<string>PBXFileReference</string>
			<key>path</key>
			<string>Pods_blog.framework</string>
			<key>sourceTree</key>
			<string>BUILT_PRODUCTS_DIR</string>
		</dict>
		<key>1B48AB7251A5296E0EDB8639</key>
		<dict>
			<key>includeInIndex</key>
			<string>1</string>
			<key>isa</key>
			<string>PBXFileReference</string>
			<key>lastKnownFileType</key>
			<string>text.xcconfig</string>
			<key>name</key>
			<string>Pods-BlogTests.debug.xcconfig</string>
			<key>path</key>
			<string>Pods/Target Support Files/Pods-BlogTests/Pods-BlogTests.debug.xcconfig</string>
			<key>sourceTree</key>
			<string>&lt;group&gt;</string>
		</dict>
		<key>1a4e18910d4a6dda510eee43</key>
		<dict>
			<key>fileRef</key>
			<string>D0404A351BABFB820072DF55</string>
			<key>isa</key>
			<string>PBXBuildFile</string>
		</dict>
		<key>1f395ad0c91d171c700e070e</key>
		<dict>
			<key>fileRef</key>
			<string>D0404A321BABD4070072DF55</string>
			<key>isa</key>
			<string>PBXBuildFile</string>
		</dict>
		<key>2078eedfb4d4e71853b2ed3c</key>
		<dict>
			<key>fileRef</key>
			<string>D0B3DCEF1BA2B3030056F0D9</string>
			<key>isa</key>
			<string>PBXBuildFile</string>
		</dict>
		<key>26393f216860fa0abf521eaa</key>
		<dict>
			<key>fileRef</key>
			<string>D0B3DCE91BA2AF0F0056F0D9</string>
			<key>isa</key>
			<string>PBXBuildFile</string>
		</dict>
		<key>2894643F082D1DD3E6120DB7</key>
		<dict>
			<key>children</key>
			<array>
				<string>1779A4D2ADD1EDB9A4142437</string>
				<string>9517C9E890700CADD5D96B19</string>
				<string>2C291F9DF2D02D2D58B8304F</string>
				<string>af3de6410539663e2f92abc8</string>
				<string>b2109c4fb43c7919506df974</string>
			</array>
			<key>isa</key>
			<string>PBXGroup</string>
			<key>name</key>
			<string>Frameworks</string>
			<key>path</key>
			<string></string>
			<key>sourceTree</key>
			<string>&lt;group&gt;</string>
		</dict>
		<key>2C291F9DF2D02D2D58B8304F</key>
		<dict>
			<key>explicitFileType</key>
			<string>wrapper.framework</string>
			<key>includeInIndex</key>
			<string>0</string>
			<key>isa</key>
			<string>PBXFileReference</string>
			<key>path</key>
			<string>Pods_BlogTests.framework</string>
			<key>sourceTree</key>
			<string>BUILT_PRODUCTS_DIR</string>
		</dict>
		<key>2f81c94e910b56aa148999bd</key>
		<dict>
			<key>fileRef</key>
			<string>D067C9841BA007A100048D8B</string>
			<key>isa</key>
			<string>PBXBuildFile</string>
		</dict>
		<key>3638eb341956e9f915057e54</key>
		<dict>
			<key>fileRef</key>
			<string>D0404A3B1BAC07C00072DF55</string>
			<key>isa</key>
			<string>PBXBuildFile</string>
		</dict>
		<key>366defbddb734794105dc060</key>
		<dict>
			<key>fileRef</key>
			<string>D02179EC1BB3CA2D00A855E1</string>
			<key>isa</key>
			<string>PBXBuildFile</string>
			<key>settings</key>
			<dict>
				<key>ASSET_TAGS</key>
				<array/>
			</dict>
		</dict>
		<key>3fe218a22886a85dfb03b1cd</key>
		<dict>
			<key>fileRef</key>
			<string>D08A2F3B1BB10A7300B6F49F</string>
			<key>isa</key>
			<string>PBXBuildFile</string>
		</dict>
		<key>404097b094e6a11a93aca2e0</key>
		<dict>
			<key>fileRef</key>
			<string>D063BAB41BA6A2F200B4FF14</string>
			<key>isa</key>
			<string>PBXBuildFile</string>
		</dict>
		<key>42dd755f74476d45f96f300d</key>
		<dict>
			<key>fileRef</key>
			<string>D063BABD1BA7ACDB00B4FF14</string>
			<key>isa</key>
			<string>PBXBuildFile</string>
		</dict>
		<key>53440d87368150f99d95508f</key>
		<dict>
			<key>buildActionMask</key>
			<string>2147483647</string>
			<key>files</key>
			<array>
				<string>ce9192ab81dd08a25cebd249</string>
				<string>ef0def5a9698ab42e4413e15</string>
				<string>619c0e7787897e43cf6cfe3d</string>
				<string>075e2ff5b3a18a55525018cd</string>
			</array>
			<key>isa</key>
			<string>PBXFrameworksBuildPhase</string>
			<key>runOnlyForDeploymentPostprocessing</key>
			<string>0</string>
		</dict>
		<key>545486c5ce25fec6bed3a908</key>
		<dict>
			<key>fileRef</key>
			<string>D067C9661BA006D200048D8B</string>
			<key>isa</key>
			<string>PBXBuildFile</string>
		</dict>
		<key>5ae389465cf421b2d3e50706</key>
		<dict>
			<key>fileRef</key>
			<string>D067C9641BA006D200048D8B</string>
			<key>isa</key>
			<string>PBXBuildFile</string>
		</dict>
		<key>610b06b9b644613c2ba8a814</key>
		<dict>
			<key>fileRef</key>
			<string>D08A2F4B1BB1367700B6F49F</string>
			<key>isa</key>
			<string>PBXBuildFile</string>
		</dict>
		<key>619c0e7787897e43cf6cfe3d</key>
		<dict>
			<key>fileRef</key>
			<string>af3de6410539663e2f92abc8</string>
			<key>isa</key>
			<string>PBXBuildFile</string>
		</dict>
		<key>6a39b4edf86c408baf95a56e</key>
		<dict>
			<key>fileRef</key>
			<string>D0404A261BAA9D6A0072DF55</string>
			<key>isa</key>
			<string>PBXBuildFile</string>
		</dict>
		<key>6b36d9bcae077c6f61afe8b9</key>
		<dict>
			<key>buildActionMask</key>
			<string>2147483647</string>
			<key>files</key>
			<array>
				<string>610b06b9b644613c2ba8a814</string>
				<string>3fe218a22886a85dfb03b1cd</string>
				<string>c21d69e7ec926c1063fc4c50</string>
				<string>af74c15557a211466bd969fd</string>
				<string>404097b094e6a11a93aca2e0</string>
				<string>75437454fb5115c2fcda2567</string>
				<string>89893251781d79956d5c36b5</string>
				<string>545486c5ce25fec6bed3a908</string>
				<string>caf62f29be561f62ea7c767b</string>
				<string>9a235f24633bc838b5c5956b</string>
				<string>5ae389465cf421b2d3e50706</string>
				<string>26393f216860fa0abf521eaa</string>
				<string>366defbddb734794105dc060</string>
			</array>
			<key>isa</key>
			<string>PBXResourcesBuildPhase</string>
			<key>runOnlyForDeploymentPostprocessing</key>
			<string>0</string>
		</dict>
		<key>6c7d03f33f70a2a0ae96cf73</key>
		<dict>
			<key>fileRef</key>
			<string>D01770D01BA12EFD003BA551</string>
			<key>isa</key>
			<string>PBXBuildFile</string>
		</dict>
		<key>6e9983397e57c69ed5625651</key>
		<dict>
			<key>buildActionMask</key>
			<string>2147483647</string>
			<key>files</key>
			<array/>
			<key>inputPaths</key>
			<array/>
			<key>isa</key>
			<string>PBXShellScriptBuildPhase</string>
			<key>name</key>
			<string>Copy Pods Resources</string>
			<key>outputPaths</key>
			<array/>
			<key>runOnlyForDeploymentPostprocessing</key>
			<string>0</string>
			<key>shellPath</key>
			<string>/bin/sh</string>
			<key>shellScript</key>
			<string>"${SRCROOT}/Pods/Target Support Files/Pods-Blog/Pods-Blog-resources.sh"
</string>
			<key>showEnvVarsInLog</key>
			<string>0</string>
		</dict>
		<key>6f7b04e6199356c2395c74ef</key>
		<dict>
			<key>fileRef</key>
			<string>D08A2F451BB134EE00B6F49F</string>
			<key>isa</key>
			<string>PBXBuildFile</string>
			<key>settings</key>
			<dict>
				<key>ASSET_TAGS</key>
				<array/>
			</dict>
		</dict>
		<key>73024609DED514981595B09A</key>
		<dict>
			<key>includeInIndex</key>
			<string>1</string>
			<key>isa</key>
			<string>PBXFileReference</string>
			<key>lastKnownFileType</key>
			<string>text.xcconfig</string>
			<key>name</key>
			<string>Pods-BlogTests.release.xcconfig</string>
			<key>path</key>
			<string>Pods/Target Support Files/Pods-BlogTests/Pods-BlogTests.release.xcconfig</string>
			<key>sourceTree</key>
			<string>&lt;group&gt;</string>
		</dict>
		<key>731846534cbdac81cf8a234d</key>
		<dict>
			<key>fileRef</key>
			<string>D01770D51BA177E6003BA551</string>
			<key>isa</key>
			<string>PBXBuildFile</string>
		</dict>
		<key>75437454fb5115c2fcda2567</key>
		<dict>
			<key>fileRef</key>
			<string>D063BAB61BA6A2F200B4FF14</string>
			<key>isa</key>
			<string>PBXBuildFile</string>
		</dict>
		<key>761514F581689EBD3C611AEA</key>
		<dict>
			<key>includeInIndex</key>
			<string>1</string>
			<key>isa</key>
			<string>PBXFileReference</string>
			<key>lastKnownFileType</key>
			<string>text.xcconfig</string>
			<key>name</key>
			<string>Pods-blog.release.xcconfig</string>
			<key>path</key>
			<string>Pods/Target Support Files/Pods-blog/Pods-blog.release.xcconfig</string>
			<key>sourceTree</key>
			<string>&lt;group&gt;</string>
		</dict>
		<key>7edc2fdb34c3926a2b45e778</key>
		<dict>
			<key>buildActionMask</key>
			<string>2147483647</string>
			<key>files</key>
			<array/>
			<key>inputPaths</key>
			<array/>
			<key>isa</key>
			<string>PBXShellScriptBuildPhase</string>
			<key>name</key>
			<string>Check Pods Manifest.lock</string>
			<key>outputPaths</key>
			<array/>
			<key>runOnlyForDeploymentPostprocessing</key>
			<string>0</string>
			<key>shellPath</key>
			<string>/bin/sh</string>
			<key>shellScript</key>
			<string>diff "${PODS_ROOT}/../Podfile.lock" "${PODS_ROOT}/Manifest.lock" &gt; /dev/null
if [[ $? != 0 ]] ; then
    cat &lt;&lt; EOM
error: The sandbox is not in sync with the Podfile.lock. Run 'pod install' or update your CocoaPods installation.
EOM
    exit 1
fi
</string>
			<key>showEnvVarsInLog</key>
			<string>0</string>
		</dict>
		<key>7f87ea80f93fdc34c59c80e0</key>
		<dict>
			<key>fileRef</key>
			<string>D0404A231BAA9D3F0072DF55</string>
			<key>isa</key>
			<string>PBXBuildFile</string>
		</dict>
		<key>8758e05b1e8ae7b74e9f2e7d</key>
		<dict>
			<key>fileRef</key>
			<string>D0404A201BAA9A190072DF55</string>
			<key>isa</key>
			<string>PBXBuildFile</string>
		</dict>
		<key>89893251781d79956d5c36b5</key>
		<dict>
			<key>fileRef</key>
			<string>D08A2F291BB104EB00B6F49F</string>
			<key>isa</key>
			<string>PBXBuildFile</string>
		</dict>
		<key>8D91B8EEACF53773C9FEED82</key>
		<dict>
			<key>fileRef</key>
			<string>1779A4D2ADD1EDB9A4142437</string>
			<key>isa</key>
			<string>PBXBuildFile</string>
			<key>settings</key>
			<dict>
				<key>ATTRIBUTES</key>
				<array>
					<string>Weak</string>
				</array>
			</dict>
		</dict>
		<key>8DDE9F42964F15715A25DE82</key>
		<dict>
			<key>buildActionMask</key>
			<string>2147483647</string>
			<key>files</key>
			<array/>
			<key>inputPaths</key>
			<array/>
			<key>isa</key>
			<string>PBXShellScriptBuildPhase</string>
			<key>name</key>
			<string>Copy Pods Resources</string>
			<key>outputPaths</key>
			<array/>
			<key>runOnlyForDeploymentPostprocessing</key>
			<string>0</string>
			<key>shellPath</key>
			<string>/bin/sh</string>
			<key>shellScript</key>
			<string>"${SRCROOT}/Pods/Target Support Files/Pods-Blog/Pods-Blog-resources.sh"
</string>
			<key>showEnvVarsInLog</key>
			<string>0</string>
		</dict>
		<key>8c1fa80b4754e28e1f491e2e</key>
		<dict>
			<key>baseConfigurationReference</key>
			<string>761514F581689EBD3C611AEA</string>
			<key>buildSettings</key>
			<dict>
				<key>CODE_SIGN_IDENTITY</key>
				<string>iPhone Developer</string>
				<key>ENABLE_BITCODE</key>
				<string>NO</string>
				<key>FRAMEWORK_SEARCH_PATHS</key>
				<array>
					<string>$(inherited)</string>
					<string>"$(SRCROOT)"</string>
				</array>
				<key>HEADER_SEARCH_PATHS</key>
				<array>
					<string>$(inherited)</string>
					<string>/Applications/Xcode.app/Contents/Developer/Toolchains/XcodeDefault.xctoolchain/usr/include</string>
					<string>"${PODS_ROOT}/Bypass/Libraries/bypass-core/src"</string>
					<string>"${PODS_ROOT}/XCAsyncTestCase"</string>
					<string>"${PODS_ROOT}/NSObject+Singleton"</string>
				</array>
				<key>INFOPLIST_FILE</key>
				<string>blog/Info.plist</string>
				<key>IPHONEOS_DEPLOYMENT_TARGET</key>
				<string>7.0</string>
				<key>LD_RUNPATH_SEARCH_PATHS</key>
				<string>$(inherited) @executable_path/Frameworks</string>
				<key>OTHER_LDFLAGS</key>
				<array>
					<string>$(inherited)</string>
					<string>-force_load</string>
					<string>"$(SRCROOT)/calabash.framework/calabash"</string>
					<string>-lstdc++</string>
				</array>
				<key>PRODUCT_BUNDLE_IDENTIFIER</key>
				<string>lazyathome.$(PRODUCT_NAME:rfc1034identifier)</string>
				<key>PRODUCT_NAME</key>
				<string>blog</string>
			</dict>
			<key>isa</key>
			<string>XCBuildConfiguration</string>
			<key>name</key>
			<string>Release</string>
		</dict>
		<key>9517C9E890700CADD5D96B19</key>
		<dict>
			<key>explicitFileType</key>
			<string>wrapper.framework</string>
			<key>includeInIndex</key>
			<string>0</string>
			<key>isa</key>
			<string>PBXFileReference</string>
			<key>path</key>
			<string>Pods_Blog.framework</string>
			<key>sourceTree</key>
			<string>BUILT_PRODUCTS_DIR</string>
		</dict>
		<key>955e0dcd6562bd0f91d925ac</key>
		<dict>
			<key>fileRef</key>
			<string>D012CBED1BAFAC780035BEEA</string>
			<key>isa</key>
			<string>PBXBuildFile</string>
		</dict>
		<key>9CCD62A94BF1F7195423EB6E</key>
		<dict>
			<key>buildActionMask</key>
			<string>2147483647</string>
			<key>files</key>
			<array/>
			<key>inputPaths</key>
			<array/>
			<key>isa</key>
			<string>PBXShellScriptBuildPhase</string>
			<key>name</key>
			<string>Check Pods Manifest.lock</string>
			<key>outputPaths</key>
			<array/>
			<key>runOnlyForDeploymentPostprocessing</key>
			<string>0</string>
			<key>shellPath</key>
			<string>/bin/sh</string>
			<key>shellScript</key>
			<string>diff "${PODS_ROOT}/../Podfile.lock" "${PODS_ROOT}/Manifest.lock" &gt; /dev/null
if [[ $? != 0 ]] ; then
    cat &lt;&lt; EOM
error: The sandbox is not in sync with the Podfile.lock. Run 'pod install' or update your CocoaPods installation.
EOM
    exit 1
fi
</string>
			<key>showEnvVarsInLog</key>
			<string>0</string>
		</dict>
		<key>9a235f24633bc838b5c5956b</key>
		<dict>
			<key>fileRef</key>
			<string>D063BAB51BA6A2F200B4FF14</string>
			<key>isa</key>
			<string>PBXBuildFile</string>
		</dict>
		<key>ACDC07174AAF73DA7B12675B</key>
		<dict>
			<key>buildActionMask</key>
			<string>2147483647</string>
			<key>files</key>
			<array/>
			<key>inputPaths</key>
			<array/>
			<key>isa</key>
			<string>PBXShellScriptBuildPhase</string>
			<key>name</key>
			<string>Embed Pods Frameworks</string>
			<key>outputPaths</key>
			<array/>
			<key>runOnlyForDeploymentPostprocessing</key>
			<string>0</string>
			<key>shellPath</key>
			<string>/bin/sh</string>
			<key>shellScript</key>
			<string>"${SRCROOT}/Pods/Target Support Files/Pods-Blog/Pods-Blog-frameworks.sh"
</string>
			<key>showEnvVarsInLog</key>
			<string>0</string>
		</dict>
		<key>B6844651B1D3C22902206D55</key>
		<dict>
			<key>children</key>
			<array>
				<string>E15670437B00B1B771FE2B1D</string>
				<string>761514F581689EBD3C611AEA</string>
				<string>1B48AB7251A5296E0EDB8639</string>
				<string>73024609DED514981595B09A</string>
			</array>
			<key>isa</key>
			<string>PBXGroup</string>
			<key>name</key>
			<string>Pods</string>
			<key>sourceTree</key>
			<string>&lt;group&gt;</string>
		</dict>
		<key>C2C3530F7CD089CD9B3D62BE</key>
		<dict>
			<key>fileRef</key>
			<string>9517C9E890700CADD5D96B19</string>
			<key>isa</key>
			<string>PBXBuildFile</string>
			<key>settings</key>
			<dict>
				<key>ATTRIBUTES</key>
				<array>
					<string>Weak</string>
				</array>
			</dict>
		</dict>
		<key>C9398D268B7E8BD9765A7709</key>
		<dict>
			<key>buildActionMask</key>
			<string>2147483647</string>
			<key>files</key>
			<array/>
			<key>inputPaths</key>
			<array/>
			<key>isa</key>
			<string>PBXShellScriptBuildPhase</string>
			<key>name</key>
			<string>Check Pods Manifest.lock</string>
			<key>outputPaths</key>
			<array/>
			<key>runOnlyForDeploymentPostprocessing</key>
			<string>0</string>
			<key>shellPath</key>
			<string>/bin/sh</string>
			<key>shellScript</key>
			<string>diff "${PODS_ROOT}/../Podfile.lock" "${PODS_ROOT}/Manifest.lock" &gt; /dev/null
if [[ $? != 0 ]] ; then
    cat &lt;&lt; EOM
error: The sandbox is not in sync with the Podfile.lock. Run 'pod install' or update your CocoaPods installation.
EOM
    exit 1
fi
</string>
			<key>showEnvVarsInLog</key>
			<string>0</string>
		</dict>
		<key>D012CBEC1BAFAC780035BEEA</key>
		<dict>
			<key>fileEncoding</key>
			<string>4</string>
			<key>isa</key>
			<string>PBXFileReference</string>
			<key>lastKnownFileType</key>
			<string>sourcecode.c.h</string>
			<key>path</key>
			<string>NetQuery+LDJ.h</string>
			<key>sourceTree</key>
			<string>&lt;group&gt;</string>
		</dict>
		<key>D012CBED1BAFAC780035BEEA</key>
		<dict>
			<key>fileEncoding</key>
			<string>4</string>
			<key>isa</key>
			<string>PBXFileReference</string>
			<key>lastKnownFileType</key>
			<string>sourcecode.c.objc</string>
			<key>path</key>
			<string>NetQuery+LDJ.m</string>
			<key>sourceTree</key>
			<string>&lt;group&gt;</string>
		</dict>
		<key>D012CBEE1BAFAC780035BEEA</key>
		<dict>
			<key>fileRef</key>
			<string>D012CBED1BAFAC780035BEEA</string>
			<key>isa</key>
			<string>PBXBuildFile</string>
		</dict>
		<key>D012CBEF1BAFAD7D0035BEEA</key>
		<dict>
			<key>fileEncoding</key>
			<string>4</string>
			<key>isa</key>
			<string>PBXFileReference</string>
			<key>lastKnownFileType</key>
			<string>sourcecode.c.h</string>
			<key>name</key>
			<string>LoginManager.h</string>
			<key>path</key>
			<string>Blog/App/LoginManager.h</string>
			<key>sourceTree</key>
			<string>SOURCE_ROOT</string>
		</dict>
		<key>D012CBF01BAFAD7D0035BEEA</key>
		<dict>
			<key>fileEncoding</key>
			<string>4</string>
			<key>isa</key>
			<string>PBXFileReference</string>
			<key>lastKnownFileType</key>
			<string>sourcecode.c.objc</string>
			<key>name</key>
			<string>LoginManager.m</string>
			<key>path</key>
			<string>Blog/App/LoginManager.m</string>
			<key>sourceTree</key>
			<string>SOURCE_ROOT</string>
		</dict>
		<key>D012CBF11BAFAD7D0035BEEA</key>
		<dict>
			<key>fileRef</key>
			<string>D012CBF01BAFAD7D0035BEEA</string>
			<key>isa</key>
			<string>PBXBuildFile</string>
		</dict>
		<key>D01770CC1BA122F6003BA551</key>
		<dict>
			<key>children</key>
			<array>
				<string>D01770CF1BA12EFD003BA551</string>
				<string>D01770D01BA12EFD003BA551</string>
				<string>D01770D31BA1556B003BA551</string>
				<string>D0A57A8C1BA9661300412A13</string>
				<string>D0A57A8D1BA9661300412A13</string>
				<string>D0404A311BABD4070072DF55</string>
				<string>D0404A321BABD4070072DF55</string>
				<string>D012CBEC1BAFAC780035BEEA</string>
				<string>D012CBED1BAFAC780035BEEA</string>
				<string>D012CBEF1BAFAD7D0035BEEA</string>
				<string>D012CBF01BAFAD7D0035BEEA</string>
			</array>
			<key>isa</key>
			<string>PBXGroup</string>
			<key>path</key>
			<string>Net</string>
			<key>sourceTree</key>
			<string>&lt;group&gt;</string>
		</dict>
		<key>D01770CF1BA12EFD003BA551</key>
		<dict>
			<key>fileEncoding</key>
			<string>4</string>
			<key>isa</key>
			<string>PBXFileReference</string>
			<key>lastKnownFileType</key>
			<string>sourcecode.c.h</string>
			<key>path</key>
			<string>NetQuery.h</string>
			<key>sourceTree</key>
			<string>&lt;group&gt;</string>
		</dict>
		<key>D01770D01BA12EFD003BA551</key>
		<dict>
			<key>fileEncoding</key>
			<string>4</string>
			<key>isa</key>
			<string>PBXFileReference</string>
			<key>lastKnownFileType</key>
			<string>sourcecode.c.objc</string>
			<key>path</key>
			<string>NetQuery.m</string>
			<key>sourceTree</key>
			<string>&lt;group&gt;</string>
		</dict>
		<key>D01770D11BA12EFD003BA551</key>
		<dict>
			<key>fileRef</key>
			<string>D01770D01BA12EFD003BA551</string>
			<key>isa</key>
			<string>PBXBuildFile</string>
		</dict>
		<key>D01770D31BA1556B003BA551</key>
		<dict>
			<key>isa</key>
			<string>PBXFileReference</string>
			<key>lastKnownFileType</key>
			<string>sourcecode.c.h</string>
			<key>path</key>
			<string>NetQueryDelegate.h</string>
			<key>sourceTree</key>
			<string>&lt;group&gt;</string>
		</dict>
		<key>D01770D41BA177E6003BA551</key>
		<dict>
			<key>fileEncoding</key>
			<string>4</string>
			<key>isa</key>
			<string>PBXFileReference</string>
			<key>lastKnownFileType</key>
			<string>sourcecode.c.h</string>
			<key>path</key>
			<string>LoginViewController.h</string>
			<key>sourceTree</key>
			<string>&lt;group&gt;</string>
		</dict>
		<key>D01770D51BA177E6003BA551</key>
		<dict>
			<key>fileEncoding</key>
			<string>4</string>
			<key>isa</key>
			<string>PBXFileReference</string>
			<key>lastKnownFileType</key>
			<string>sourcecode.c.objc</string>
			<key>path</key>
			<string>LoginViewController.m</string>
			<key>sourceTree</key>
			<string>&lt;group&gt;</string>
		</dict>
		<key>D01770D61BA177E6003BA551</key>
		<dict>
			<key>fileRef</key>
			<string>D01770D51BA177E6003BA551</string>
			<key>isa</key>
			<string>PBXBuildFile</string>
		</dict>
		<key>D02179AD1BB2604500A855E1</key>
		<dict>
			<key>isa</key>
			<string>PBXFileReference</string>
			<key>lastKnownFileType</key>
			<string>text.plist.strings</string>
			<key>name</key>
			<string>zh-Hans</string>
			<key>path</key>
			<string>zh-Hans.lproj/BlogTableViewCell.strings</string>
			<key>sourceTree</key>
			<string>&lt;group&gt;</string>
		</dict>
		<key>D02179BD1BB3C8B700A855E1</key>
		<dict>
			<key>isa</key>
			<string>PBXFileReference</string>
			<key>lastKnownFileType</key>
			<string>text.plist.xml</string>
			<key>name</key>
			<string>BlogTests copy-Info.plist</string>
			<key>path</key>
			<string>/Users/peter/study/blog_ios/BlogTests copy-Info.plist</string>
			<key>sourceTree</key>
			<string>&lt;absolute&gt;</string>
		</dict>
		<key>D02179EB1BB3C97A00A855E1</key>
		<dict>
			<key>isa</key>
			<string>PBXFileReference</string>
			<key>lastKnownFileType</key>
			<string>text.plist.xml</string>
			<key>name</key>
			<string>Blog-cal-Info.plist</string>
			<key>path</key>
			<string>/Users/peter/study/blog_ios/Blog-cal-Info.plist</string>
			<key>sourceTree</key>
			<string>&lt;absolute&gt;</string>
		</dict>
		<key>D02179EC1BB3CA2D00A855E1</key>
		<dict>
			<key>fileEncoding</key>
			<string>4</string>
			<key>isa</key>
			<string>PBXFileReference</string>
			<key>lastKnownFileType</key>
			<string>text.plist.xml</string>
			<key>path</key>
			<string>Info.plist</string>
			<key>sourceTree</key>
			<string>&lt;group&gt;</string>
		</dict>
		<key>D02179ED1BB3CA2D00A855E1</key>
		<dict>
			<key>fileRef</key>
			<string>D02179EC1BB3CA2D00A855E1</string>
			<key>isa</key>
			<string>PBXBuildFile</string>
			<key>settings</key>
			<dict>
				<key>ASSET_TAGS</key>
				<array/>
			</dict>
		</dict>
		<key>D034C32FE9E55C578B6B1CEC</key>
		<dict>
			<key>buildActionMask</key>
			<string>2147483647</string>
			<key>files</key>
			<array/>
			<key>inputPaths</key>
			<array/>
			<key>isa</key>
			<string>PBXShellScriptBuildPhase</string>
			<key>name</key>
			<string>Embed Pods Frameworks</string>
			<key>outputPaths</key>
			<array/>
			<key>runOnlyForDeploymentPostprocessing</key>
			<string>0</string>
			<key>shellPath</key>
			<string>/bin/sh</string>
			<key>shellScript</key>
			<string>"${SRCROOT}/Pods/Target Support Files/Pods-BlogTests/Pods-BlogTests-frameworks.sh"
</string>
			<key>showEnvVarsInLog</key>
			<string>0</string>
		</dict>
		<key>D0404A1E1BAA9A080072DF55</key>
		<dict>
			<key>children</key>
			<array>
				<string>D0404A1F1BAA9A190072DF55</string>
				<string>D0404A201BAA9A190072DF55</string>
				<string>D0404A281BAAA4AA0072DF55</string>
				<string>D0404A291BAAA4AA0072DF55</string>
			</array>
			<key>isa</key>
			<string>PBXGroup</string>
			<key>path</key>
			<string>Validator</string>
			<key>sourceTree</key>
			<string>&lt;group&gt;</string>
		</dict>
		<key>D0404A1F1BAA9A190072DF55</key>
		<dict>
			<key>fileEncoding</key>
			<string>4</string>
			<key>isa</key>
			<string>PBXFileReference</string>
			<key>lastKnownFileType</key>
			<string>sourcecode.c.h</string>
			<key>path</key>
			<string>Validator.h</string>
			<key>sourceTree</key>
			<string>&lt;group&gt;</string>
		</dict>
		<key>D0404A201BAA9A190072DF55</key>
		<dict>
			<key>fileEncoding</key>
			<string>4</string>
			<key>isa</key>
			<string>PBXFileReference</string>
			<key>lastKnownFileType</key>
			<string>sourcecode.c.objc</string>
			<key>path</key>
			<string>Validator.m</string>
			<key>sourceTree</key>
			<string>&lt;group&gt;</string>
		</dict>
		<key>D0404A211BAA9A190072DF55</key>
		<dict>
			<key>fileRef</key>
			<string>D0404A201BAA9A190072DF55</string>
			<key>isa</key>
			<string>PBXBuildFile</string>
		</dict>
		<key>D0404A221BAA9D3F0072DF55</key>
		<dict>
			<key>fileEncoding</key>
			<string>4</string>
			<key>isa</key>
			<string>PBXFileReference</string>
			<key>lastKnownFileType</key>
			<string>sourcecode.c.h</string>
			<key>path</key>
			<string>User.h</string>
			<key>sourceTree</key>
			<string>&lt;group&gt;</string>
		</dict>
		<key>D0404A231BAA9D3F0072DF55</key>
		<dict>
			<key>fileEncoding</key>
			<string>4</string>
			<key>isa</key>
			<string>PBXFileReference</string>
			<key>lastKnownFileType</key>
			<string>sourcecode.c.objc</string>
			<key>path</key>
			<string>User.m</string>
			<key>sourceTree</key>
			<string>&lt;group&gt;</string>
		</dict>
		<key>D0404A241BAA9D3F0072DF55</key>
		<dict>
			<key>fileRef</key>
			<string>D0404A231BAA9D3F0072DF55</string>
			<key>isa</key>
			<string>PBXBuildFile</string>
		</dict>
		<key>D0404A251BAA9D6A0072DF55</key>
		<dict>
			<key>fileEncoding</key>
			<string>4</string>
			<key>isa</key>
			<string>PBXFileReference</string>
			<key>lastKnownFileType</key>
			<string>sourcecode.c.h</string>
			<key>path</key>
			<string>Response.h</string>
			<key>sourceTree</key>
			<string>&lt;group&gt;</string>
		</dict>
		<key>D0404A261BAA9D6A0072DF55</key>
		<dict>
			<key>fileEncoding</key>
			<string>4</string>
			<key>isa</key>
			<string>PBXFileReference</string>
			<key>lastKnownFileType</key>
			<string>sourcecode.c.objc</string>
			<key>path</key>
			<string>Response.m</string>
			<key>sourceTree</key>
			<string>&lt;group&gt;</string>
		</dict>
		<key>D0404A271BAA9D6A0072DF55</key>
		<dict>
			<key>fileRef</key>
			<string>D0404A261BAA9D6A0072DF55</string>
			<key>isa</key>
			<string>PBXBuildFile</string>
		</dict>
		<key>D0404A281BAAA4AA0072DF55</key>
		<dict>
			<key>fileEncoding</key>
			<string>4</string>
			<key>isa</key>
			<string>PBXFileReference</string>
			<key>lastKnownFileType</key>
			<string>sourcecode.c.h</string>
			<key>path</key>
			<string>LDJValidator.h</string>
			<key>sourceTree</key>
			<string>&lt;group&gt;</string>
		</dict>
		<key>D0404A291BAAA4AA0072DF55</key>
		<dict>
			<key>fileEncoding</key>
			<string>4</string>
			<key>isa</key>
			<string>PBXFileReference</string>
			<key>lastKnownFileType</key>
			<string>sourcecode.c.objc</string>
			<key>path</key>
			<string>LDJValidator.m</string>
			<key>sourceTree</key>
			<string>&lt;group&gt;</string>
		</dict>
		<key>D0404A2A1BAAA4AA0072DF55</key>
		<dict>
			<key>fileRef</key>
			<string>D0404A291BAAA4AA0072DF55</string>
			<key>isa</key>
			<string>PBXBuildFile</string>
		</dict>
		<key>D0404A2B1BAAB0000072DF55</key>
		<dict>
			<key>fileRef</key>
			<string>D0404A2D1BAAB0000072DF55</string>
			<key>isa</key>
			<string>PBXBuildFile</string>
		</dict>
		<key>D0404A2D1BAAB0000072DF55</key>
		<dict>
			<key>children</key>
			<array>
				<string>D0404A2F1BAAB18C0072DF55</string>
				<string>D08A2F2C1BB1055500B6F49F</string>
				<string>D08A2F431BB1284400B6F49F</string>
			</array>
			<key>isa</key>
			<string>PBXVariantGroup</string>
			<key>name</key>
			<string>LoginViewController.xib</string>
			<key>sourceTree</key>
			<string>&lt;group&gt;</string>
		</dict>
		<key>D0404A2F1BAAB18C0072DF55</key>
		<dict>
			<key>isa</key>
			<string>PBXFileReference</string>
			<key>lastKnownFileType</key>
			<string>file.xib</string>
			<key>name</key>
			<string>Base</string>
			<key>path</key>
			<string>Base.lproj/LoginViewController.xib</string>
			<key>sourceTree</key>
			<string>&lt;group&gt;</string>
		</dict>
		<key>D0404A311BABD4070072DF55</key>
		<dict>
			<key>fileEncoding</key>
			<string>4</string>
			<key>isa</key>
			<string>PBXFileReference</string>
			<key>lastKnownFileType</key>
			<string>sourcecode.c.h</string>
			<key>path</key>
			<string>BlogService.h</string>
			<key>sourceTree</key>
			<string>&lt;group&gt;</string>
		</dict>
		<key>D0404A321BABD4070072DF55</key>
		<dict>
			<key>fileEncoding</key>
			<string>4</string>
			<key>isa</key>
			<string>PBXFileReference</string>
			<key>lastKnownFileType</key>
			<string>sourcecode.c.objc</string>
			<key>path</key>
			<string>BlogService.m</string>
			<key>sourceTree</key>
			<string>&lt;group&gt;</string>
		</dict>
		<key>D0404A331BABD4070072DF55</key>
		<dict>
			<key>fileRef</key>
			<string>D0404A321BABD4070072DF55</string>
			<key>isa</key>
			<string>PBXBuildFile</string>
		</dict>
		<key>D0404A341BABFB820072DF55</key>
		<dict>
			<key>fileEncoding</key>
			<string>4</string>
			<key>isa</key>
			<string>PBXFileReference</string>
			<key>lastKnownFileType</key>
			<string>sourcecode.c.h</string>
			<key>path</key>
			<string>Blog.h</string>
			<key>sourceTree</key>
			<string>&lt;group&gt;</string>
		</dict>
		<key>D0404A351BABFB820072DF55</key>
		<dict>
			<key>fileEncoding</key>
			<string>4</string>
			<key>isa</key>
			<string>PBXFileReference</string>
			<key>lastKnownFileType</key>
			<string>sourcecode.c.objc</string>
			<key>path</key>
			<string>Blog.m</string>
			<key>sourceTree</key>
			<string>&lt;group&gt;</string>
		</dict>
		<key>D0404A361BABFB820072DF55</key>
		<dict>
			<key>fileRef</key>
			<string>D0404A351BABFB820072DF55</string>
			<key>isa</key>
			<string>PBXBuildFile</string>
		</dict>
		<key>D0404A371BABFE180072DF55</key>
		<dict>
			<key>fileEncoding</key>
			<string>4</string>
			<key>isa</key>
			<string>PBXFileReference</string>
			<key>lastKnownFileType</key>
			<string>sourcecode.c.h</string>
			<key>path</key>
			<string>Page.h</string>
			<key>sourceTree</key>
			<string>&lt;group&gt;</string>
		</dict>
		<key>D0404A381BABFE180072DF55</key>
		<dict>
			<key>fileEncoding</key>
			<string>4</string>
			<key>isa</key>
			<string>PBXFileReference</string>
			<key>lastKnownFileType</key>
			<string>sourcecode.c.objc</string>
			<key>path</key>
			<string>Page.m</string>
			<key>sourceTree</key>
			<string>&lt;group&gt;</string>
		</dict>
		<key>D0404A391BABFE180072DF55</key>
		<dict>
			<key>fileRef</key>
			<string>D0404A381BABFE180072DF55</string>
			<key>isa</key>
			<string>PBXBuildFile</string>
		</dict>
		<key>D0404A3A1BAC07C00072DF55</key>
		<dict>
			<key>fileEncoding</key>
			<string>4</string>
			<key>isa</key>
			<string>PBXFileReference</string>
			<key>lastKnownFileType</key>
			<string>sourcecode.c.h</string>
			<key>path</key>
			<string>Page+Blog.h</string>
			<key>sourceTree</key>
			<string>&lt;group&gt;</string>
		</dict>
		<key>D0404A3B1BAC07C00072DF55</key>
		<dict>
			<key>fileEncoding</key>
			<string>4</string>
			<key>isa</key>
			<string>PBXFileReference</string>
			<key>lastKnownFileType</key>
			<string>sourcecode.c.objc</string>
			<key>path</key>
			<string>Page+Blog.m</string>
			<key>sourceTree</key>
			<string>&lt;group&gt;</string>
		</dict>
		<key>D0404A3C1BAC07C00072DF55</key>
		<dict>
			<key>fileRef</key>
			<string>D0404A3B1BAC07C00072DF55</string>
			<key>isa</key>
			<string>PBXBuildFile</string>
		</dict>
		<key>D063BAB11BA6A1EB00B4FF14</key>
		<dict>
			<key>children</key>
			<array>
				<string>D0404A1E1BAA9A080072DF55</string>
				<string>D063BAB21BA6A1F800B4FF14</string>
			</array>
			<key>isa</key>
			<string>PBXGroup</string>
			<key>path</key>
			<string>App</string>
			<key>sourceTree</key>
			<string>&lt;group&gt;</string>
		</dict>
		<key>D063BAB21BA6A1F800B4FF14</key>
		<dict>
			<key>isa</key>
			<string>PBXFileReference</string>
			<key>lastKnownFileType</key>
			<string>sourcecode.c.h</string>
			<key>path</key>
			<string>Const.h</string>
			<key>sourceTree</key>
			<string>&lt;group&gt;</string>
		</dict>
		<key>D063BAB31BA6A2F200B4FF14</key>
		<dict>
			<key>children</key>
			<array>
				<string>D063BAB41BA6A2F200B4FF14</string>
				<string>D063BAB51BA6A2F200B4FF14</string>
				<string>D063BAB61BA6A2F200B4FF14</string>
				<string>D063BAB71BA6A2F200B4FF14</string>
			</array>
			<key>isa</key>
			<string>PBXGroup</string>
			<key>path</key>
			<string>Resources</string>
			<key>sourceTree</key>
			<string>&lt;group&gt;</string>
		</dict>
		<key>D063BAB41BA6A2F200B4FF14</key>
		<dict>
			<key>isa</key>
			<string>PBXFileReference</string>
			<key>lastKnownFileType</key>
			<string>image.png</string>
			<key>path</key>
			<string>home_highlight.png</string>
			<key>sourceTree</key>
			<string>&lt;group&gt;</string>
		</dict>
		<key>D063BAB51BA6A2F200B4FF14</key>
		<dict>
			<key>isa</key>
			<string>PBXFileReference</string>
			<key>lastKnownFileType</key>
			<string>image.png</string>
			<key>path</key>
			<string>home_normal.png</string>
			<key>sourceTree</key>
			<string>&lt;group&gt;</string>
		</dict>
		<key>D063BAB61BA6A2F200B4FF14</key>
		<dict>
			<key>isa</key>
			<string>PBXFileReference</string>
			<key>lastKnownFileType</key>
			<string>image.png</string>
			<key>path</key>
			<string>my_highlight.png</string>
			<key>sourceTree</key>
			<string>&lt;group&gt;</string>
		</dict>
		<key>D063BAB71BA6A2F200B4FF14</key>
		<dict>
			<key>isa</key>
			<string>PBXFileReference</string>
			<key>lastKnownFileType</key>
			<string>image.png</string>
			<key>path</key>
			<string>my_normal.png</string>
			<key>sourceTree</key>
			<string>&lt;group&gt;</string>
		</dict>
		<key>D063BAB81BA6A2F200B4FF14</key>
		<dict>
			<key>fileRef</key>
			<string>D063BAB41BA6A2F200B4FF14</string>
			<key>isa</key>
			<string>PBXBuildFile</string>
		</dict>
		<key>D063BAB91BA6A2F200B4FF14</key>
		<dict>
			<key>fileRef</key>
			<string>D063BAB51BA6A2F200B4FF14</string>
			<key>isa</key>
			<string>PBXBuildFile</string>
		</dict>
		<key>D063BABA1BA6A2F200B4FF14</key>
		<dict>
			<key>fileRef</key>
			<string>D063BAB61BA6A2F200B4FF14</string>
			<key>isa</key>
			<string>PBXBuildFile</string>
		</dict>
		<key>D063BABB1BA6A2F200B4FF14</key>
		<dict>
			<key>fileRef</key>
			<string>D063BAB71BA6A2F200B4FF14</string>
			<key>isa</key>
			<string>PBXBuildFile</string>
		</dict>
		<key>D063BABC1BA7ACDB00B4FF14</key>
		<dict>
			<key>fileEncoding</key>
			<string>4</string>
			<key>isa</key>
			<string>PBXFileReference</string>
			<key>lastKnownFileType</key>
			<string>sourcecode.c.h</string>
			<key>path</key>
			<string>BaseViewController.h</string>
			<key>sourceTree</key>
			<string>&lt;group&gt;</string>
		</dict>
		<key>D063BABD1BA7ACDB00B4FF14</key>
		<dict>
			<key>fileEncoding</key>
			<string>4</string>
			<key>isa</key>
			<string>PBXFileReference</string>
			<key>lastKnownFileType</key>
			<string>sourcecode.c.objc</string>
			<key>path</key>
			<string>BaseViewController.m</string>
			<key>sourceTree</key>
			<string>&lt;group&gt;</string>
		</dict>
		<key>D063BABE1BA7ACDB00B4FF14</key>
		<dict>
			<key>fileRef</key>
			<string>D063BABD1BA7ACDB00B4FF14</string>
			<key>isa</key>
			<string>PBXBuildFile</string>
		</dict>
		<key>D067C9481BA006D200048D8B</key>
		<dict>
			<key>children</key>
			<array>
				<string>D067C9531BA006D200048D8B</string>
				<string>D067C9701BA006D200048D8B</string>
				<string>D067C9521BA006D200048D8B</string>
				<string>B6844651B1D3C22902206D55</string>
				<string>2894643F082D1DD3E6120DB7</string>
				<string>D02179BD1BB3C8B700A855E1</string>
				<string>D02179EB1BB3C97A00A855E1</string>
			</array>
			<key>isa</key>
			<string>PBXGroup</string>
			<key>sourceTree</key>
			<string>&lt;group&gt;</string>
		</dict>
		<key>D067C9491BA006D200048D8B</key>
		<dict>
			<key>attributes</key>
			<dict>
				<key>LastUpgradeCheck</key>
				<string>0700</string>
				<key>ORGANIZATIONNAME</key>
				<string>lazyathome</string>
				<key>TargetAttributes</key>
				<dict>
					<key>D067C9501BA006D200048D8B</key>
					<dict>
						<key>CreatedOnToolsVersion</key>
						<string>6.4</string>
						<key>DevelopmentTeam</key>
						<string>D83RW2P9K5</string>
					</dict>
					<key>D067C96C1BA006D200048D8B</key>
					<dict>
						<key>CreatedOnToolsVersion</key>
						<string>6.4</string>
						<key>TestTargetID</key>
						<string>D067C9501BA006D200048D8B</string>
					</dict>
				</dict>
			</dict>
			<key>buildConfigurationList</key>
			<string>D067C94C1BA006D200048D8B</string>
			<key>compatibilityVersion</key>
			<string>Xcode 3.2</string>
			<key>developmentRegion</key>
			<string>English</string>
			<key>hasScannedForEncodings</key>
			<string>0</string>
			<key>isa</key>
			<string>PBXProject</string>
			<key>knownRegions</key>
			<array>
				<string>en</string>
				<string>Base</string>
				<string>zh-Hans</string>
			</array>
			<key>mainGroup</key>
			<string>D067C9481BA006D200048D8B</string>
			<key>productRefGroup</key>
			<string>D067C9521BA006D200048D8B</string>
			<key>projectDirPath</key>
			<string></string>
			<key>projectRoot</key>
			<string></string>
			<key>targets</key>
			<array>
				<string>D067C9501BA006D200048D8B</string>
				<string>D067C96C1BA006D200048D8B</string>
				<string>ae6509deffce7aa1e37f87f1</string>
			</array>
		</dict>
		<key>D067C94C1BA006D200048D8B</key>
		<dict>
			<key>buildConfigurations</key>
			<array>
				<string>D067C9751BA006D200048D8B</string>
				<string>D067C9761BA006D200048D8B</string>
			</array>
			<key>defaultConfigurationIsVisible</key>
			<string>0</string>
			<key>defaultConfigurationName</key>
			<string>Release</string>
			<key>isa</key>
			<string>XCConfigurationList</string>
		</dict>
		<key>D067C94D1BA006D200048D8B</key>
		<dict>
			<key>buildActionMask</key>
			<string>2147483647</string>
			<key>files</key>
			<array>
				<string>D0404A271BAA9D6A0072DF55</string>
				<string>D067C9861BA007A100048D8B</string>
				<string>D063BABE1BA7ACDB00B4FF14</string>
				<string>D0404A211BAA9A190072DF55</string>
				<string>D067C95A1BA006D200048D8B</string>
				<string>D0404A361BABFB820072DF55</string>
				<string>D01770D61BA177E6003BA551</string>
				<string>D0404A2A1BAAA4AA0072DF55</string>
				<string>D067C9851BA007A100048D8B</string>
				<string>D0404A241BAA9D3F0072DF55</string>
				<string>D01770D11BA12EFD003BA551</string>
				<string>D012CBF11BAFAD7D0035BEEA</string>
				<string>D012CBEE1BAFAC780035BEEA</string>
				<string>D0B3DCF11BA2B3030056F0D9</string>
				<string>D0404A331BABD4070072DF55</string>
				<string>D08A2F461BB134EE00B6F49F</string>
				<string>D0A57A8E1BA9661300412A13</string>
				<string>D0404A391BABFE180072DF55</string>
				<string>D0404A3C1BAC07C00072DF55</string>
				<string>D067C9571BA006D200048D8B</string>
			</array>
			<key>isa</key>
			<string>PBXSourcesBuildPhase</string>
			<key>runOnlyForDeploymentPostprocessing</key>
			<string>0</string>
		</dict>
		<key>D067C94E1BA006D200048D8B</key>
		<dict>
			<key>buildActionMask</key>
			<string>2147483647</string>
			<key>files</key>
			<array>
				<string>8D91B8EEACF53773C9FEED82</string>
				<string>C2C3530F7CD089CD9B3D62BE</string>
			</array>
			<key>isa</key>
			<string>PBXFrameworksBuildPhase</string>
			<key>runOnlyForDeploymentPostprocessing</key>
			<string>0</string>
		</dict>
		<key>D067C94F1BA006D200048D8B</key>
		<dict>
			<key>buildActionMask</key>
			<string>2147483647</string>
			<key>files</key>
			<array>
				<string>D08A2F491BB1367700B6F49F</string>
				<string>D08A2F391BB10A7300B6F49F</string>
				<string>D0404A2B1BAAB0000072DF55</string>
				<string>D063BABB1BA6A2F200B4FF14</string>
				<string>D063BAB81BA6A2F200B4FF14</string>
				<string>D063BABA1BA6A2F200B4FF14</string>
				<string>D08A2F271BB104EB00B6F49F</string>
				<string>D067C9681BA006D200048D8B</string>
				<string>D08A2F311BB107F800B6F49F</string>
				<string>D063BAB91BA6A2F200B4FF14</string>
				<string>D067C9651BA006D200048D8B</string>
				<string>D0B3DCE71BA2AF0F0056F0D9</string>
				<string>D02179ED1BB3CA2D00A855E1</string>
			</array>
			<key>isa</key>
			<string>PBXResourcesBuildPhase</string>
			<key>runOnlyForDeploymentPostprocessing</key>
			<string>0</string>
		</dict>
		<key>D067C9501BA006D200048D8B</key>
		<dict>
			<key>buildConfigurationList</key>
			<string>D067C9771BA006D200048D8B</string>
			<key>buildPhases</key>
			<array>
				<string>9CCD62A94BF1F7195423EB6E</string>
				<string>D067C94D1BA006D200048D8B</string>
				<string>D067C94E1BA006D200048D8B</string>
				<string>D067C94F1BA006D200048D8B</string>
				<string>ACDC07174AAF73DA7B12675B</string>
				<string>8DDE9F42964F15715A25DE82</string>
			</array>
			<key>buildRules</key>
			<array/>
			<key>dependencies</key>
			<array/>
			<key>isa</key>
			<string>PBXNativeTarget</string>
			<key>name</key>
			<string>Blog</string>
			<key>productName</key>
			<string>blog</string>
			<key>productReference</key>
			<string>D067C9511BA006D200048D8B</string>
			<key>productType</key>
			<string>com.apple.product-type.application</string>
		</dict>
		<key>D067C9511BA006D200048D8B</key>
		<dict>
			<key>explicitFileType</key>
			<string>wrapper.application</string>
			<key>includeInIndex</key>
			<string>0</string>
			<key>isa</key>
			<string>PBXFileReference</string>
			<key>path</key>
			<string>blog.app</string>
			<key>sourceTree</key>
			<string>BUILT_PRODUCTS_DIR</string>
		</dict>
		<key>D067C9521BA006D200048D8B</key>
		<dict>
			<key>children</key>
			<array>
				<string>D067C9511BA006D200048D8B</string>
				<string>D067C96D1BA006D200048D8B</string>
			</array>
			<key>isa</key>
			<string>PBXGroup</string>
			<key>name</key>
			<string>Products</string>
			<key>sourceTree</key>
			<string>&lt;group&gt;</string>
		</dict>
		<key>D067C9531BA006D200048D8B</key>
		<dict>
			<key>children</key>
			<array>
				<string>D063BAB11BA6A1EB00B4FF14</string>
				<string>D067C97E1BA0074300048D8B</string>
				<string>D067C9801BA0074300048D8B</string>
				<string>D067C97D1BA0074300048D8B</string>
				<string>D01770CC1BA122F6003BA551</string>
				<string>D067C97F1BA0074300048D8B</string>
				<string>D067C9581BA006D200048D8B</string>
				<string>D067C9591BA006D200048D8B</string>
				<string>D067C9641BA006D200048D8B</string>
				<string>D067C9661BA006D200048D8B</string>
				<string>D067C9541BA006D200048D8B</string>
			</array>
			<key>isa</key>
			<string>PBXGroup</string>
			<key>path</key>
			<string>Blog</string>
			<key>sourceTree</key>
			<string>&lt;group&gt;</string>
		</dict>
		<key>D067C9541BA006D200048D8B</key>
		<dict>
			<key>children</key>
			<array>
				<string>D02179EC1BB3CA2D00A855E1</string>
				<string>D067C9551BA006D200048D8B</string>
				<string>D063BAB31BA6A2F200B4FF14</string>
				<string>D0B3DCE91BA2AF0F0056F0D9</string>
				<string>D067C9561BA006D200048D8B</string>
			</array>
			<key>isa</key>
			<string>PBXGroup</string>
			<key>name</key>
			<string>Supporting Files</string>
			<key>sourceTree</key>
			<string>&lt;group&gt;</string>
		</dict>
		<key>D067C9551BA006D200048D8B</key>
		<dict>
			<key>isa</key>
			<string>PBXFileReference</string>
			<key>lastKnownFileType</key>
			<string>text.plist.xml</string>
			<key>path</key>
			<string>Info-cal.plist</string>
			<key>sourceTree</key>
			<string>&lt;group&gt;</string>
		</dict>
		<key>D067C9561BA006D200048D8B</key>
		<dict>
			<key>isa</key>
			<string>PBXFileReference</string>
			<key>lastKnownFileType</key>
			<string>sourcecode.c.objc</string>
			<key>path</key>
			<string>main.m</string>
			<key>sourceTree</key>
			<string>&lt;group&gt;</string>
		</dict>
		<key>D067C9571BA006D200048D8B</key>
		<dict>
			<key>fileRef</key>
			<string>D067C9561BA006D200048D8B</string>
			<key>isa</key>
			<string>PBXBuildFile</string>
		</dict>
		<key>D067C9581BA006D200048D8B</key>
		<dict>
			<key>isa</key>
			<string>PBXFileReference</string>
			<key>lastKnownFileType</key>
			<string>sourcecode.c.h</string>
			<key>path</key>
			<string>AppDelegate.h</string>
			<key>sourceTree</key>
			<string>&lt;group&gt;</string>
		</dict>
		<key>D067C9591BA006D200048D8B</key>
		<dict>
			<key>isa</key>
			<string>PBXFileReference</string>
			<key>lastKnownFileType</key>
			<string>sourcecode.c.objc</string>
			<key>path</key>
			<string>AppDelegate.m</string>
			<key>sourceTree</key>
			<string>&lt;group&gt;</string>
		</dict>
		<key>D067C95A1BA006D200048D8B</key>
		<dict>
			<key>fileRef</key>
			<string>D067C9591BA006D200048D8B</string>
			<key>isa</key>
			<string>PBXBuildFile</string>
		</dict>
		<key>D067C9641BA006D200048D8B</key>
		<dict>
			<key>isa</key>
			<string>PBXFileReference</string>
			<key>lastKnownFileType</key>
			<string>folder.assetcatalog</string>
			<key>path</key>
			<string>Images.xcassets</string>
			<key>sourceTree</key>
			<string>&lt;group&gt;</string>
		</dict>
		<key>D067C9651BA006D200048D8B</key>
		<dict>
			<key>fileRef</key>
			<string>D067C9641BA006D200048D8B</string>
			<key>isa</key>
			<string>PBXBuildFile</string>
		</dict>
		<key>D067C9661BA006D200048D8B</key>
		<dict>
			<key>children</key>
			<array>
				<string>D067C9671BA006D200048D8B</string>
				<string>D0B3DCEC1BA2B08B0056F0D9</string>
			</array>
			<key>isa</key>
			<string>PBXVariantGroup</string>
			<key>name</key>
			<string>LaunchScreen.xib</string>
			<key>sourceTree</key>
			<string>&lt;group&gt;</string>
		</dict>
		<key>D067C9671BA006D200048D8B</key>
		<dict>
			<key>isa</key>
			<string>PBXFileReference</string>
			<key>lastKnownFileType</key>
			<string>file.xib</string>
			<key>name</key>
			<string>Base</string>
			<key>path</key>
			<string>Base.lproj/LaunchScreen.xib</string>
			<key>sourceTree</key>
			<string>&lt;group&gt;</string>
		</dict>
		<key>D067C9681BA006D200048D8B</key>
		<dict>
			<key>fileRef</key>
			<string>D067C9661BA006D200048D8B</string>
			<key>isa</key>
			<string>PBXBuildFile</string>
		</dict>
		<key>D067C9691BA006D200048D8B</key>
		<dict>
			<key>buildActionMask</key>
			<string>2147483647</string>
			<key>files</key>
			<array>
				<string>D067C9741BA006D200048D8B</string>
			</array>
			<key>isa</key>
			<string>PBXSourcesBuildPhase</string>
			<key>runOnlyForDeploymentPostprocessing</key>
			<string>0</string>
		</dict>
		<key>D067C96A1BA006D200048D8B</key>
		<dict>
			<key>buildActionMask</key>
			<string>2147483647</string>
			<key>files</key>
			<array>
				<string>0C14C62FC6AE497BE2199B40</string>
			</array>
			<key>isa</key>
			<string>PBXFrameworksBuildPhase</string>
			<key>runOnlyForDeploymentPostprocessing</key>
			<string>0</string>
		</dict>
		<key>D067C96B1BA006D200048D8B</key>
		<dict>
			<key>buildActionMask</key>
			<string>2147483647</string>
			<key>files</key>
			<array/>
			<key>isa</key>
			<string>PBXResourcesBuildPhase</string>
			<key>runOnlyForDeploymentPostprocessing</key>
			<string>0</string>
		</dict>
		<key>D067C96C1BA006D200048D8B</key>
		<dict>
			<key>buildConfigurationList</key>
			<string>D067C97A1BA006D200048D8B</string>
			<key>buildPhases</key>
			<array>
				<string>C9398D268B7E8BD9765A7709</string>
				<string>D067C9691BA006D200048D8B</string>
				<string>D067C96A1BA006D200048D8B</string>
				<string>D067C96B1BA006D200048D8B</string>
				<string>D034C32FE9E55C578B6B1CEC</string>
				<string>10D0A244F281B376A76007C4</string>
			</array>
			<key>buildRules</key>
			<array/>
			<key>dependencies</key>
			<array>
				<string>D067C96F1BA006D200048D8B</string>
			</array>
			<key>isa</key>
			<string>PBXNativeTarget</string>
			<key>name</key>
			<string>BlogTests</string>
			<key>productName</key>
			<string>BlogTests</string>
			<key>productReference</key>
			<string>D067C96D1BA006D200048D8B</string>
			<key>productType</key>
			<string>com.apple.product-type.bundle.unit-test</string>
		</dict>
		<key>D067C96D1BA006D200048D8B</key>
		<dict>
			<key>explicitFileType</key>
			<string>wrapper.cfbundle</string>
			<key>includeInIndex</key>
			<string>0</string>
			<key>isa</key>
			<string>PBXFileReference</string>
			<key>path</key>
			<string>BlogTests.xctest</string>
			<key>sourceTree</key>
			<string>BUILT_PRODUCTS_DIR</string>
		</dict>
		<key>D067C96E1BA006D200048D8B</key>
		<dict>
			<key>containerPortal</key>
			<string>D067C9491BA006D200048D8B</string>
			<key>isa</key>
			<string>PBXContainerItemProxy</string>
			<key>proxyType</key>
			<string>1</string>
			<key>remoteGlobalIDString</key>
			<string>D067C9501BA006D200048D8B</string>
			<key>remoteInfo</key>
			<string>blog</string>
		</dict>
		<key>D067C96F1BA006D200048D8B</key>
		<dict>
			<key>isa</key>
			<string>PBXTargetDependency</string>
			<key>target</key>
			<string>D067C9501BA006D200048D8B</string>
			<key>targetProxy</key>
			<string>D067C96E1BA006D200048D8B</string>
		</dict>
		<key>D067C9701BA006D200048D8B</key>
		<dict>
			<key>children</key>
			<array>
				<string>D067C9731BA006D200048D8B</string>
				<string>D067C9711BA006D200048D8B</string>
				<string>D07900691BB0E891005CEB12</string>
				<string>D079006A1BB0E9BD005CEB12</string>
				<string>D079006B1BB0E9FC005CEB12</string>
				<string>D079006C1BB0ED52005CEB12</string>
				<string>D079006D1BB0EDF3005CEB12</string>
				<string>D079006E1BB0EE73005CEB12</string>
				<string>D079006F1BB0EF65005CEB12</string>
				<string>D07900701BB0F016005CEB12</string>
			</array>
			<key>isa</key>
			<string>PBXGroup</string>
			<key>name</key>
			<string>BlogTests</string>
			<key>path</key>
			<string>blogTests</string>
			<key>sourceTree</key>
			<string>&lt;group&gt;</string>
		</dict>
		<key>D067C9711BA006D200048D8B</key>
		<dict>
			<key>children</key>
			<array>
				<string>D067C9721BA006D200048D8B</string>
			</array>
			<key>isa</key>
			<string>PBXGroup</string>
			<key>name</key>
			<string>Supporting Files</string>
			<key>sourceTree</key>
			<string>&lt;group&gt;</string>
		</dict>
		<key>D067C9721BA006D200048D8B</key>
		<dict>
			<key>isa</key>
			<string>PBXFileReference</string>
			<key>lastKnownFileType</key>
			<string>text.plist.xml</string>
			<key>path</key>
			<string>Info.plist</string>
			<key>sourceTree</key>
			<string>&lt;group&gt;</string>
		</dict>
		<key>D067C9731BA006D200048D8B</key>
		<dict>
			<key>isa</key>
			<string>PBXFileReference</string>
			<key>lastKnownFileType</key>
			<string>sourcecode.c.objc</string>
			<key>path</key>
			<string>BlogTests.m</string>
			<key>sourceTree</key>
			<string>&lt;group&gt;</string>
		</dict>
		<key>D067C9741BA006D200048D8B</key>
		<dict>
			<key>fileRef</key>
			<string>D067C9731BA006D200048D8B</string>
			<key>isa</key>
			<string>PBXBuildFile</string>
		</dict>
		<key>D067C9751BA006D200048D8B</key>
		<dict>
			<key>buildSettings</key>
			<dict>
				<key>ALWAYS_SEARCH_USER_PATHS</key>
				<string>NO</string>
				<key>CLANG_CXX_LANGUAGE_STANDARD</key>
				<string>gnu++0x</string>
				<key>CLANG_CXX_LIBRARY</key>
				<string>libc++</string>
				<key>CLANG_ENABLE_MODULES</key>
				<string>YES</string>
				<key>CLANG_ENABLE_OBJC_ARC</key>
				<string>YES</string>
				<key>CLANG_WARN_BOOL_CONVERSION</key>
				<string>YES</string>
				<key>CLANG_WARN_CONSTANT_CONVERSION</key>
				<string>YES</string>
				<key>CLANG_WARN_DIRECT_OBJC_ISA_USAGE</key>
				<string>YES_ERROR</string>
				<key>CLANG_WARN_EMPTY_BODY</key>
				<string>YES</string>
				<key>CLANG_WARN_ENUM_CONVERSION</key>
				<string>YES</string>
				<key>CLANG_WARN_INT_CONVERSION</key>
				<string>YES</string>
				<key>CLANG_WARN_OBJC_ROOT_CLASS</key>
				<string>YES_ERROR</string>
				<key>CLANG_WARN_UNREACHABLE_CODE</key>
				<string>YES</string>
				<key>CLANG_WARN__DUPLICATE_METHOD_MATCH</key>
				<string>YES</string>
				<key>CODE_SIGN_IDENTITY[sdk=iphoneos*]</key>
				<string>iPhone Developer</string>
				<key>COPY_PHASE_STRIP</key>
				<string>NO</string>
				<key>DEBUG_INFORMATION_FORMAT</key>
				<string>dwarf-with-dsym</string>
				<key>ENABLE_STRICT_OBJC_MSGSEND</key>
				<string>YES</string>
				<key>ENABLE_TESTABILITY</key>
				<string>YES</string>
				<key>GCC_C_LANGUAGE_STANDARD</key>
				<string>gnu99</string>
				<key>GCC_DYNAMIC_NO_PIC</key>
				<string>NO</string>
				<key>GCC_NO_COMMON_BLOCKS</key>
				<string>YES</string>
				<key>GCC_OPTIMIZATION_LEVEL</key>
				<string>0</string>
				<key>GCC_PREPROCESSOR_DEFINITIONS</key>
				<array>
					<string>DEBUG=1</string>
					<string>$(inherited)</string>
				</array>
				<key>GCC_SYMBOLS_PRIVATE_EXTERN</key>
				<string>NO</string>
				<key>GCC_WARN_64_TO_32_BIT_CONVERSION</key>
				<string>YES</string>
				<key>GCC_WARN_ABOUT_RETURN_TYPE</key>
				<string>YES_ERROR</string>
				<key>GCC_WARN_UNDECLARED_SELECTOR</key>
				<string>YES</string>
				<key>GCC_WARN_UNINITIALIZED_AUTOS</key>
				<string>YES_AGGRESSIVE</string>
				<key>GCC_WARN_UNUSED_FUNCTION</key>
				<string>YES</string>
				<key>GCC_WARN_UNUSED_VARIABLE</key>
				<string>YES</string>
				<key>HEADER_SEARCH_PATHS</key>
				<array>
					<string>$(inherited)</string>
					<string>/Applications/Xcode.app/Contents/Developer/Toolchains/XcodeDefault.xctoolchain/usr/include</string>
					<string>"${PODS_ROOT}/Bypass/Libraries/bypass-core/src"</string>
					<string>"${PODS_ROOT}/XCAsyncTestCase"</string>
				</array>
				<key>IPHONEOS_DEPLOYMENT_TARGET</key>
				<string>7.0</string>
				<key>MTL_ENABLE_DEBUG_INFO</key>
				<string>YES</string>
				<key>ONLY_ACTIVE_ARCH</key>
				<string>YES</string>
				<key>SDKROOT</key>
				<string>iphoneos</string>
			</dict>
			<key>isa</key>
			<string>XCBuildConfiguration</string>
			<key>name</key>
			<string>Debug</string>
		</dict>
		<key>D067C9761BA006D200048D8B</key>
		<dict>
			<key>buildSettings</key>
			<dict>
				<key>ALWAYS_SEARCH_USER_PATHS</key>
				<string>NO</string>
				<key>CLANG_CXX_LANGUAGE_STANDARD</key>
				<string>gnu++0x</string>
				<key>CLANG_CXX_LIBRARY</key>
				<string>libc++</string>
				<key>CLANG_ENABLE_MODULES</key>
				<string>YES</string>
				<key>CLANG_ENABLE_OBJC_ARC</key>
				<string>YES</string>
				<key>CLANG_WARN_BOOL_CONVERSION</key>
				<string>YES</string>
				<key>CLANG_WARN_CONSTANT_CONVERSION</key>
				<string>YES</string>
				<key>CLANG_WARN_DIRECT_OBJC_ISA_USAGE</key>
				<string>YES_ERROR</string>
				<key>CLANG_WARN_EMPTY_BODY</key>
				<string>YES</string>
				<key>CLANG_WARN_ENUM_CONVERSION</key>
				<string>YES</string>
				<key>CLANG_WARN_INT_CONVERSION</key>
				<string>YES</string>
				<key>CLANG_WARN_OBJC_ROOT_CLASS</key>
				<string>YES_ERROR</string>
				<key>CLANG_WARN_UNREACHABLE_CODE</key>
				<string>YES</string>
				<key>CLANG_WARN__DUPLICATE_METHOD_MATCH</key>
				<string>YES</string>
				<key>CODE_SIGN_IDENTITY[sdk=iphoneos*]</key>
				<string>iPhone Developer</string>
				<key>COPY_PHASE_STRIP</key>
				<string>NO</string>
				<key>DEBUG_INFORMATION_FORMAT</key>
				<string>dwarf-with-dsym</string>
				<key>ENABLE_NS_ASSERTIONS</key>
				<string>NO</string>
				<key>ENABLE_STRICT_OBJC_MSGSEND</key>
				<string>YES</string>
				<key>GCC_C_LANGUAGE_STANDARD</key>
				<string>gnu99</string>
				<key>GCC_NO_COMMON_BLOCKS</key>
				<string>YES</string>
				<key>GCC_WARN_64_TO_32_BIT_CONVERSION</key>
				<string>YES</string>
				<key>GCC_WARN_ABOUT_RETURN_TYPE</key>
				<string>YES_ERROR</string>
				<key>GCC_WARN_UNDECLARED_SELECTOR</key>
				<string>YES</string>
				<key>GCC_WARN_UNINITIALIZED_AUTOS</key>
				<string>YES_AGGRESSIVE</string>
				<key>GCC_WARN_UNUSED_FUNCTION</key>
				<string>YES</string>
				<key>GCC_WARN_UNUSED_VARIABLE</key>
				<string>YES</string>
				<key>HEADER_SEARCH_PATHS</key>
				<array>
					<string>$(inherited)</string>
					<string>/Applications/Xcode.app/Contents/Developer/Toolchains/XcodeDefault.xctoolchain/usr/include</string>
					<string>"${PODS_ROOT}/Bypass/Libraries/bypass-core/src"</string>
					<string>"${PODS_ROOT}/XCAsyncTestCase"</string>
				</array>
				<key>IPHONEOS_DEPLOYMENT_TARGET</key>
				<string>7.0</string>
				<key>MTL_ENABLE_DEBUG_INFO</key>
				<string>NO</string>
				<key>SDKROOT</key>
				<string>iphoneos</string>
				<key>VALIDATE_PRODUCT</key>
				<string>YES</string>
			</dict>
			<key>isa</key>
			<string>XCBuildConfiguration</string>
			<key>name</key>
			<string>Release</string>
		</dict>
		<key>D067C9771BA006D200048D8B</key>
		<dict>
			<key>buildConfigurations</key>
			<array>
				<string>D067C9781BA006D200048D8B</string>
				<string>D067C9791BA006D200048D8B</string>
			</array>
			<key>defaultConfigurationIsVisible</key>
			<string>0</string>
			<key>defaultConfigurationName</key>
			<string>Release</string>
			<key>isa</key>
			<string>XCConfigurationList</string>
		</dict>
		<key>D067C9781BA006D200048D8B</key>
		<dict>
			<key>baseConfigurationReference</key>
			<string>E15670437B00B1B771FE2B1D</string>
			<key>buildSettings</key>
			<dict>
				<key>CODE_SIGN_IDENTITY</key>
				<string>iPhone Developer</string>
				<key>ENABLE_BITCODE</key>
				<string>NO</string>
				<key>HEADER_SEARCH_PATHS</key>
				<array>
					<string>$(inherited)</string>
					<string>/Applications/Xcode.app/Contents/Developer/Toolchains/XcodeDefault.xctoolchain/usr/include</string>
					<string>"${PODS_ROOT}/Bypass/Libraries/bypass-core/src"</string>
					<string>"${PODS_ROOT}/XCAsyncTestCase"</string>
					<string>"${PODS_ROOT}/NSObject+Singleton"</string>
				</array>
				<key>INFOPLIST_FILE</key>
				<string>blog/Info.plist</string>
				<key>IPHONEOS_DEPLOYMENT_TARGET</key>
				<string>7.0</string>
				<key>LD_RUNPATH_SEARCH_PATHS</key>
				<string>$(inherited) @executable_path/Frameworks</string>
				<key>PRODUCT_BUNDLE_IDENTIFIER</key>
				<string>lazyathome.$(PRODUCT_NAME:rfc1034identifier)</string>
				<key>PRODUCT_NAME</key>
				<string>blog</string>
			</dict>
			<key>isa</key>
			<string>XCBuildConfiguration</string>
			<key>name</key>
			<string>Debug</string>
		</dict>
		<key>D067C9791BA006D200048D8B</key>
		<dict>
			<key>baseConfigurationReference</key>
			<string>761514F581689EBD3C611AEA</string>
			<key>buildSettings</key>
			<dict>
				<key>CODE_SIGN_IDENTITY</key>
				<string>iPhone Developer</string>
				<key>ENABLE_BITCODE</key>
				<string>NO</string>
				<key>HEADER_SEARCH_PATHS</key>
				<array>
					<string>$(inherited)</string>
					<string>/Applications/Xcode.app/Contents/Developer/Toolchains/XcodeDefault.xctoolchain/usr/include</string>
					<string>"${PODS_ROOT}/Bypass/Libraries/bypass-core/src"</string>
					<string>"${PODS_ROOT}/XCAsyncTestCase"</string>
					<string>"${PODS_ROOT}/NSObject+Singleton"</string>
				</array>
				<key>INFOPLIST_FILE</key>
				<string>blog/Info.plist</string>
				<key>IPHONEOS_DEPLOYMENT_TARGET</key>
				<string>7.0</string>
				<key>LD_RUNPATH_SEARCH_PATHS</key>
				<string>$(inherited) @executable_path/Frameworks</string>
				<key>PRODUCT_BUNDLE_IDENTIFIER</key>
				<string>lazyathome.$(PRODUCT_NAME:rfc1034identifier)</string>
				<key>PRODUCT_NAME</key>
				<string>blog</string>
			</dict>
			<key>isa</key>
			<string>XCBuildConfiguration</string>
			<key>name</key>
			<string>Release</string>
		</dict>
		<key>D067C97A1BA006D200048D8B</key>
		<dict>
			<key>buildConfigurations</key>
			<array>
				<string>D067C97B1BA006D200048D8B</string>
				<string>D067C97C1BA006D200048D8B</string>
			</array>
			<key>defaultConfigurationIsVisible</key>
			<string>0</string>
			<key>defaultConfigurationName</key>
			<string>Release</string>
			<key>isa</key>
			<string>XCConfigurationList</string>
		</dict>
		<key>D067C97B1BA006D200048D8B</key>
		<dict>
			<key>baseConfigurationReference</key>
			<string>1B48AB7251A5296E0EDB8639</string>
			<key>buildSettings</key>
			<dict>
				<key>BUNDLE_LOADER</key>
				<string>$(TEST_HOST)</string>
				<key>ENABLE_BITCODE</key>
				<string>NO</string>
				<key>FRAMEWORK_SEARCH_PATHS</key>
				<array>
					<string>$(SDKROOT)/Developer/Library/Frameworks</string>
					<string>$(inherited)</string>
				</array>
				<key>GCC_PREPROCESSOR_DEFINITIONS</key>
				<array>
					<string>DEBUG=1</string>
					<string>$(inherited)</string>
				</array>
				<key>HEADER_SEARCH_PATHS</key>
				<array>
					<string>$(inherited)</string>
					<string>/Applications/Xcode.app/Contents/Developer/Toolchains/XcodeDefault.xctoolchain/usr/include</string>
					<string>"${PODS_ROOT}/Bypass/Libraries/bypass-core/src"</string>
					<string>Pods/XCAsyncTestCase/AsyncXCTestingKit/AsyncXCTestingKit</string>
					<string>"${PODS_ROOT}/NSObject+Singleton"</string>
				</array>
				<key>INFOPLIST_FILE</key>
				<string>BlogTests/Info.plist</string>
				<key>LD_RUNPATH_SEARCH_PATHS</key>
				<string>$(inherited) @executable_path/Frameworks @loader_path/Frameworks</string>
				<key>PRODUCT_BUNDLE_IDENTIFIER</key>
				<string>lazyathome.$(PRODUCT_NAME:rfc1034identifier)</string>
				<key>PRODUCT_NAME</key>
				<string>BlogTests</string>
				<key>TEST_HOST</key>
				<string>$(BUILT_PRODUCTS_DIR)/blog.app/blog</string>
			</dict>
			<key>isa</key>
			<string>XCBuildConfiguration</string>
			<key>name</key>
			<string>Debug</string>
		</dict>
		<key>D067C97C1BA006D200048D8B</key>
		<dict>
			<key>baseConfigurationReference</key>
			<string>73024609DED514981595B09A</string>
			<key>buildSettings</key>
			<dict>
				<key>BUNDLE_LOADER</key>
				<string>$(TEST_HOST)</string>
				<key>ENABLE_BITCODE</key>
				<string>NO</string>
				<key>FRAMEWORK_SEARCH_PATHS</key>
				<array>
					<string>$(SDKROOT)/Developer/Library/Frameworks</string>
					<string>$(inherited)</string>
				</array>
				<key>HEADER_SEARCH_PATHS</key>
				<array>
					<string>$(inherited)</string>
					<string>/Applications/Xcode.app/Contents/Developer/Toolchains/XcodeDefault.xctoolchain/usr/include</string>
					<string>"${PODS_ROOT}/Bypass/Libraries/bypass-core/src"</string>
					<string>Pods/XCAsyncTestCase/AsyncXCTestingKit/AsyncXCTestingKit</string>
					<string>"${PODS_ROOT}/NSObject+Singleton"</string>
				</array>
				<key>INFOPLIST_FILE</key>
				<string>BlogTests/Info.plist</string>
				<key>LD_RUNPATH_SEARCH_PATHS</key>
				<string>$(inherited) @executable_path/Frameworks @loader_path/Frameworks</string>
				<key>PRODUCT_BUNDLE_IDENTIFIER</key>
				<string>lazyathome.$(PRODUCT_NAME:rfc1034identifier)</string>
				<key>PRODUCT_NAME</key>
				<string>BlogTests</string>
				<key>TEST_HOST</key>
				<string>$(BUILT_PRODUCTS_DIR)/blog.app/blog</string>
			</dict>
			<key>isa</key>
			<string>XCBuildConfiguration</string>
			<key>name</key>
			<string>Release</string>
		</dict>
		<key>D067C97D1BA0074300048D8B</key>
		<dict>
			<key>children</key>
			<array>
				<string>D063BABC1BA7ACDB00B4FF14</string>
				<string>D063BABD1BA7ACDB00B4FF14</string>
				<string>D067C9811BA007A100048D8B</string>
				<string>D067C9821BA007A100048D8B</string>
				<string>D08A2F291BB104EB00B6F49F</string>
				<string>D067C9831BA007A100048D8B</string>
				<string>D067C9841BA007A100048D8B</string>
				<string>D08A2F3B1BB10A7300B6F49F</string>
				<string>D01770D41BA177E6003BA551</string>
				<string>D01770D51BA177E6003BA551</string>
				<string>D0404A2D1BAAB0000072DF55</string>
				<string>D08A2F441BB134EE00B6F49F</string>
				<string>D08A2F451BB134EE00B6F49F</string>
				<string>D08A2F4B1BB1367700B6F49F</string>
			</array>
			<key>isa</key>
			<string>PBXGroup</string>
			<key>path</key>
			<string>Controllers</string>
			<key>sourceTree</key>
			<string>&lt;group&gt;</string>
		</dict>
		<key>D067C97E1BA0074300048D8B</key>
		<dict>
			<key>children</key>
			<array>
				<string>D0404A221BAA9D3F0072DF55</string>
				<string>D0404A231BAA9D3F0072DF55</string>
				<string>D0404A251BAA9D6A0072DF55</string>
				<string>D0404A261BAA9D6A0072DF55</string>
				<string>D0404A341BABFB820072DF55</string>
				<string>D0404A351BABFB820072DF55</string>
				<string>D0404A371BABFE180072DF55</string>
				<string>D0404A381BABFE180072DF55</string>
				<string>D0404A3A1BAC07C00072DF55</string>
				<string>D0404A3B1BAC07C00072DF55</string>
			</array>
			<key>isa</key>
			<string>PBXGroup</string>
			<key>path</key>
			<string>Models</string>
			<key>sourceTree</key>
			<string>&lt;group&gt;</string>
		</dict>
		<key>D067C97F1BA0074300048D8B</key>
		<dict>
			<key>children</key>
			<array/>
			<key>isa</key>
			<string>PBXGroup</string>
			<key>path</key>
			<string>ThirdParty</string>
			<key>sourceTree</key>
			<string>&lt;group&gt;</string>
		</dict>
		<key>D067C9801BA0074300048D8B</key>
		<dict>
			<key>children</key>
			<array>
				<string>D0B3DCEE1BA2B3030056F0D9</string>
				<string>D0B3DCEF1BA2B3030056F0D9</string>
				<string>D08A2F331BB107F800B6F49F</string>
			</array>
			<key>isa</key>
			<string>PBXGroup</string>
			<key>path</key>
			<string>Views</string>
			<key>sourceTree</key>
			<string>&lt;group&gt;</string>
		</dict>
		<key>D067C9811BA007A100048D8B</key>
		<dict>
			<key>fileEncoding</key>
			<string>4</string>
			<key>isa</key>
			<string>PBXFileReference</string>
			<key>lastKnownFileType</key>
			<string>sourcecode.c.h</string>
			<key>path</key>
			<string>BlogListViewController.h</string>
			<key>sourceTree</key>
			<string>&lt;group&gt;</string>
		</dict>
		<key>D067C9821BA007A100048D8B</key>
		<dict>
			<key>fileEncoding</key>
			<string>4</string>
			<key>isa</key>
			<string>PBXFileReference</string>
			<key>lastKnownFileType</key>
			<string>sourcecode.c.objc</string>
			<key>path</key>
			<string>BlogListViewController.m</string>
			<key>sourceTree</key>
			<string>&lt;group&gt;</string>
		</dict>
		<key>D067C9831BA007A100048D8B</key>
		<dict>
			<key>fileEncoding</key>
			<string>4</string>
			<key>isa</key>
			<string>PBXFileReference</string>
			<key>lastKnownFileType</key>
			<string>sourcecode.c.h</string>
			<key>path</key>
			<string>BlogPostViewController.h</string>
			<key>sourceTree</key>
			<string>&lt;group&gt;</string>
		</dict>
		<key>D067C9841BA007A100048D8B</key>
		<dict>
			<key>fileEncoding</key>
			<string>4</string>
			<key>isa</key>
			<string>PBXFileReference</string>
			<key>lastKnownFileType</key>
			<string>sourcecode.c.objc</string>
			<key>path</key>
			<string>BlogPostViewController.m</string>
			<key>sourceTree</key>
			<string>&lt;group&gt;</string>
		</dict>
		<key>D067C9851BA007A100048D8B</key>
		<dict>
			<key>fileRef</key>
			<string>D067C9821BA007A100048D8B</string>
			<key>isa</key>
			<string>PBXBuildFile</string>
		</dict>
		<key>D067C9861BA007A100048D8B</key>
		<dict>
			<key>fileRef</key>
			<string>D067C9841BA007A100048D8B</string>
			<key>isa</key>
			<string>PBXBuildFile</string>
		</dict>
		<key>D07900691BB0E891005CEB12</key>
		<dict>
			<key>isa</key>
			<string>PBXFileReference</string>
			<key>lastKnownFileType</key>
			<string>text.json</string>
			<key>name</key>
			<string>login.json</string>
			<key>path</key>
			<string>BlogTests/login.json</string>
			<key>sourceTree</key>
			<string>SOURCE_ROOT</string>
		</dict>
		<key>D079006A1BB0E9BD005CEB12</key>
		<dict>
			<key>isa</key>
			<string>PBXFileReference</string>
			<key>lastKnownFileType</key>
			<string>text.json</string>
			<key>name</key>
			<string>current.json</string>
			<key>path</key>
			<string>BlogTests/current.json</string>
			<key>sourceTree</key>
			<string>SOURCE_ROOT</string>
		</dict>
		<key>D079006B1BB0E9FC005CEB12</key>
		<dict>
			<key>isa</key>
			<string>PBXFileReference</string>
			<key>lastKnownFileType</key>
			<string>text.json</string>
			<key>name</key>
			<string>logout.json</string>
			<key>path</key>
			<string>BlogTests/logout.json</string>
			<key>sourceTree</key>
			<string>SOURCE_ROOT</string>
		</dict>
		<key>D079006C1BB0ED52005CEB12</key>
		<dict>
			<key>isa</key>
			<string>PBXFileReference</string>
			<key>lastKnownFileType</key>
			<string>text.json</string>
			<key>name</key>
			<string>postall.json</string>
			<key>path</key>
			<string>BlogTests/postall.json</string>
			<key>sourceTree</key>
			<string>SOURCE_ROOT</string>
		</dict>
		<key>D079006D1BB0EDF3005CEB12</key>
		<dict>
			<key>isa</key>
			<string>PBXFileReference</string>
			<key>lastKnownFileType</key>
			<string>text.json</string>
			<key>name</key>
			<string>postbyid.json</string>
			<key>path</key>
			<string>BlogTests/postbyid.json</string>
			<key>sourceTree</key>
			<string>SOURCE_ROOT</string>
		</dict>
		<key>D079006E1BB0EE73005CEB12</key>
		<dict>
			<key>isa</key>
			<string>PBXFileReference</string>
			<key>lastKnownFileType</key>
			<string>text.json</string>
			<key>name</key>
			<string>post.json</string>
			<key>path</key>
			<string>BlogTests/post.json</string>
			<key>sourceTree</key>
			<string>SOURCE_ROOT</string>
		</dict>
		<key>D079006F1BB0EF65005CEB12</key>
		<dict>
			<key>isa</key>
			<string>PBXFileReference</string>
			<key>lastKnownFileType</key>
			<string>text.json</string>
			<key>name</key>
			<string>postupdate.json</string>
			<key>path</key>
			<string>BlogTests/postupdate.json</string>
			<key>sourceTree</key>
			<string>SOURCE_ROOT</string>
		</dict>
		<key>D07900701BB0F016005CEB12</key>
		<dict>
			<key>isa</key>
			<string>PBXFileReference</string>
			<key>lastKnownFileType</key>
			<string>text.json</string>
			<key>name</key>
			<string>postdelete.json</string>
			<key>path</key>
			<string>BlogTests/postdelete.json</string>
			<key>sourceTree</key>
			<string>SOURCE_ROOT</string>
		</dict>
		<key>D08A2F271BB104EB00B6F49F</key>
		<dict>
			<key>fileRef</key>
			<string>D08A2F291BB104EB00B6F49F</string>
			<key>isa</key>
			<string>PBXBuildFile</string>
		</dict>
		<key>D08A2F291BB104EB00B6F49F</key>
		<dict>
			<key>children</key>
			<array>
				<string>D08A2F2F1BB107A200B6F49F</string>
				<string>D08A2F301BB107B500B6F49F</string>
				<string>D08A2F381BB1083900B6F49F</string>
			</array>
			<key>isa</key>
			<string>PBXVariantGroup</string>
			<key>name</key>
			<string>BlogListViewController.xib</string>
			<key>sourceTree</key>
			<string>&lt;group&gt;</string>
		</dict>
		<key>D08A2F2C1BB1055500B6F49F</key>
		<dict>
			<key>isa</key>
			<string>PBXFileReference</string>
			<key>lastKnownFileType</key>
			<string>text.plist.strings</string>
			<key>name</key>
			<string>zh-Hans</string>
			<key>path</key>
			<string>zh-Hans.lproj/LoginViewController.strings</string>
			<key>sourceTree</key>
			<string>&lt;group&gt;</string>
		</dict>
		<key>D08A2F2F1BB107A200B6F49F</key>
		<dict>
			<key>isa</key>
			<string>PBXFileReference</string>
			<key>lastKnownFileType</key>
			<string>file.xib</string>
			<key>name</key>
			<string>Base</string>
			<key>path</key>
			<string>Base.lproj/BlogListViewController.xib</string>
			<key>sourceTree</key>
			<string>&lt;group&gt;</string>
		</dict>
		<key>D08A2F301BB107B500B6F49F</key>
		<dict>
			<key>isa</key>
			<string>PBXFileReference</string>
			<key>lastKnownFileType</key>
			<string>text.plist.strings</string>
			<key>name</key>
			<string>zh-Hans</string>
			<key>path</key>
			<string>zh-Hans.lproj/BlogListViewController.strings</string>
			<key>sourceTree</key>
			<string>&lt;group&gt;</string>
		</dict>
		<key>D08A2F311BB107F800B6F49F</key>
		<dict>
			<key>fileRef</key>
			<string>D08A2F331BB107F800B6F49F</string>
			<key>isa</key>
			<string>PBXBuildFile</string>
		</dict>
		<key>D08A2F321BB107F800B6F49F</key>
		<dict>
			<key>isa</key>
			<string>PBXFileReference</string>
			<key>lastKnownFileType</key>
			<string>file.xib</string>
			<key>name</key>
			<string>Base</string>
			<key>path</key>
			<string>Base.lproj/BlogTableViewCell.xib</string>
			<key>sourceTree</key>
			<string>&lt;group&gt;</string>
		</dict>
		<key>D08A2F331BB107F800B6F49F</key>
		<dict>
			<key>children</key>
			<array>
				<string>D08A2F321BB107F800B6F49F</string>
				<string>D08A2F421BB11C6000B6F49F</string>
				<string>D02179AD1BB2604500A855E1</string>
			</array>
			<key>isa</key>
			<string>PBXVariantGroup</string>
			<key>name</key>
			<string>BlogTableViewCell.xib</string>
			<key>sourceTree</key>
			<string>&lt;group&gt;</string>
		</dict>
		<key>D08A2F381BB1083900B6F49F</key>
		<dict>
			<key>isa</key>
			<string>PBXFileReference</string>
			<key>lastKnownFileType</key>
			<string>text.plist.strings</string>
			<key>name</key>
			<string>en</string>
			<key>path</key>
			<string>en.lproj/BlogListViewController.strings</string>
			<key>sourceTree</key>
			<string>&lt;group&gt;</string>
		</dict>
		<key>D08A2F391BB10A7300B6F49F</key>
		<dict>
			<key>fileRef</key>
			<string>D08A2F3B1BB10A7300B6F49F</string>
			<key>isa</key>
			<string>PBXBuildFile</string>
		</dict>
		<key>D08A2F3A1BB10A7300B6F49F</key>
		<dict>
			<key>isa</key>
			<string>PBXFileReference</string>
			<key>lastKnownFileType</key>
			<string>file.xib</string>
			<key>name</key>
			<string>Base</string>
			<key>path</key>
			<string>Base.lproj/BlogPostViewController.xib</string>
			<key>sourceTree</key>
			<string>&lt;group&gt;</string>
		</dict>
		<key>D08A2F3B1BB10A7300B6F49F</key>
		<dict>
			<key>children</key>
			<array>
				<string>D08A2F3A1BB10A7300B6F49F</string>
				<string>D08A2F3D1BB10B4800B6F49F</string>
				<string>D08A2F3F1BB10B4F00B6F49F</string>
			</array>
			<key>isa</key>
			<string>PBXVariantGroup</string>
			<key>name</key>
			<string>BlogPostViewController.xib</string>
			<key>sourceTree</key>
			<string>&lt;group&gt;</string>
		</dict>
		<key>D08A2F3D1BB10B4800B6F49F</key>
		<dict>
			<key>isa</key>
			<string>PBXFileReference</string>
			<key>lastKnownFileType</key>
			<string>text.plist.strings</string>
			<key>name</key>
			<string>en</string>
			<key>path</key>
			<string>en.lproj/BlogPostViewController.strings</string>
			<key>sourceTree</key>
			<string>&lt;group&gt;</string>
		</dict>
		<key>D08A2F3F1BB10B4F00B6F49F</key>
		<dict>
			<key>isa</key>
			<string>PBXFileReference</string>
			<key>lastKnownFileType</key>
			<string>text.plist.strings</string>
			<key>name</key>
			<string>zh-Hans</string>
			<key>path</key>
			<string>zh-Hans.lproj/BlogPostViewController.strings</string>
			<key>sourceTree</key>
			<string>&lt;group&gt;</string>
		</dict>
		<key>D08A2F421BB11C6000B6F49F</key>
		<dict>
			<key>isa</key>
			<string>PBXFileReference</string>
			<key>lastKnownFileType</key>
			<string>text.plist.strings</string>
			<key>name</key>
			<string>en</string>
			<key>path</key>
			<string>en.lproj/BlogTableViewCell.strings</string>
			<key>sourceTree</key>
			<string>&lt;group&gt;</string>
		</dict>
		<key>D08A2F431BB1284400B6F49F</key>
		<dict>
			<key>isa</key>
			<string>PBXFileReference</string>
			<key>lastKnownFileType</key>
			<string>text.plist.strings</string>
			<key>name</key>
			<string>en</string>
			<key>path</key>
			<string>en.lproj/LoginViewController.strings</string>
			<key>sourceTree</key>
			<string>&lt;group&gt;</string>
		</dict>
		<key>D08A2F441BB134EE00B6F49F</key>
		<dict>
			<key>fileEncoding</key>
			<string>4</string>
			<key>isa</key>
			<string>PBXFileReference</string>
			<key>lastKnownFileType</key>
			<string>sourcecode.c.h</string>
			<key>path</key>
			<string>BlogPreviewViewController.h</string>
			<key>sourceTree</key>
			<string>&lt;group&gt;</string>
		</dict>
		<key>D08A2F451BB134EE00B6F49F</key>
		<dict>
			<key>fileEncoding</key>
			<string>4</string>
			<key>isa</key>
			<string>PBXFileReference</string>
			<key>lastKnownFileType</key>
			<string>sourcecode.c.objc</string>
			<key>path</key>
			<string>BlogPreviewViewController.m</string>
			<key>sourceTree</key>
			<string>&lt;group&gt;</string>
		</dict>
		<key>D08A2F461BB134EE00B6F49F</key>
		<dict>
			<key>fileRef</key>
			<string>D08A2F451BB134EE00B6F49F</string>
			<key>isa</key>
			<string>PBXBuildFile</string>
			<key>settings</key>
			<dict>
				<key>ASSET_TAGS</key>
				<array/>
			</dict>
		</dict>
		<key>D08A2F491BB1367700B6F49F</key>
		<dict>
			<key>fileRef</key>
			<string>D08A2F4B1BB1367700B6F49F</string>
			<key>isa</key>
			<string>PBXBuildFile</string>
		</dict>
		<key>D08A2F4A1BB1367700B6F49F</key>
		<dict>
			<key>isa</key>
			<string>PBXFileReference</string>
			<key>lastKnownFileType</key>
			<string>file.xib</string>
			<key>name</key>
			<string>Base</string>
			<key>path</key>
			<string>Base.lproj/BlogPreviewViewController.xib</string>
			<key>sourceTree</key>
			<string>&lt;group&gt;</string>
		</dict>
		<key>D08A2F4B1BB1367700B6F49F</key>
		<dict>
			<key>children</key>
			<array>
				<string>D08A2F4A1BB1367700B6F49F</string>
				<string>D08A2F4D1BB1367A00B6F49F</string>
				<string>D08A2F4F1BB1367E00B6F49F</string>
			</array>
			<key>isa</key>
			<string>PBXVariantGroup</string>
			<key>name</key>
			<string>BlogPreviewViewController.xib</string>
			<key>sourceTree</key>
			<string>&lt;group&gt;</string>
		</dict>
		<key>D08A2F4D1BB1367A00B6F49F</key>
		<dict>
			<key>isa</key>
			<string>PBXFileReference</string>
			<key>lastKnownFileType</key>
			<string>text.plist.strings</string>
			<key>name</key>
			<string>en</string>
			<key>path</key>
			<string>en.lproj/BlogPreviewViewController.strings</string>
			<key>sourceTree</key>
			<string>&lt;group&gt;</string>
		</dict>
		<key>D08A2F4F1BB1367E00B6F49F</key>
		<dict>
			<key>isa</key>
			<string>PBXFileReference</string>
			<key>lastKnownFileType</key>
			<string>text.plist.strings</string>
			<key>name</key>
			<string>zh-Hans</string>
			<key>path</key>
			<string>zh-Hans.lproj/BlogPreviewViewController.strings</string>
			<key>sourceTree</key>
			<string>&lt;group&gt;</string>
		</dict>
		<key>D0A57A8C1BA9661300412A13</key>
		<dict>
			<key>fileEncoding</key>
			<string>4</string>
			<key>isa</key>
			<string>PBXFileReference</string>
			<key>lastKnownFileType</key>
			<string>sourcecode.c.h</string>
			<key>path</key>
			<string>UserService.h</string>
			<key>sourceTree</key>
			<string>&lt;group&gt;</string>
		</dict>
		<key>D0A57A8D1BA9661300412A13</key>
		<dict>
			<key>fileEncoding</key>
			<string>4</string>
			<key>isa</key>
			<string>PBXFileReference</string>
			<key>lastKnownFileType</key>
			<string>sourcecode.c.objc</string>
			<key>path</key>
			<string>UserService.m</string>
			<key>sourceTree</key>
			<string>&lt;group&gt;</string>
		</dict>
		<key>D0A57A8E1BA9661300412A13</key>
		<dict>
			<key>fileRef</key>
			<string>D0A57A8D1BA9661300412A13</string>
			<key>isa</key>
			<string>PBXBuildFile</string>
		</dict>
		<key>D0B3DCE71BA2AF0F0056F0D9</key>
		<dict>
			<key>fileRef</key>
			<string>D0B3DCE91BA2AF0F0056F0D9</string>
			<key>isa</key>
			<string>PBXBuildFile</string>
		</dict>
		<key>D0B3DCE81BA2AF0F0056F0D9</key>
		<dict>
			<key>isa</key>
			<string>PBXFileReference</string>
			<key>lastKnownFileType</key>
			<string>text.plist.strings</string>
			<key>name</key>
			<string>Base</string>
			<key>path</key>
			<string>Base.lproj/Localizable.strings</string>
			<key>sourceTree</key>
			<string>&lt;group&gt;</string>
		</dict>
		<key>D0B3DCE91BA2AF0F0056F0D9</key>
		<dict>
			<key>children</key>
			<array>
				<string>D0B3DCE81BA2AF0F0056F0D9</string>
				<string>D0B3DCEA1BA2B0560056F0D9</string>
				<string>D0B3DCED1BA2B08B0056F0D9</string>
			</array>
			<key>isa</key>
			<string>PBXVariantGroup</string>
			<key>name</key>
			<string>Localizable.strings</string>
			<key>sourceTree</key>
			<string>&lt;group&gt;</string>
		</dict>
		<key>D0B3DCEA1BA2B0560056F0D9</key>
		<dict>
			<key>isa</key>
			<string>PBXFileReference</string>
			<key>lastKnownFileType</key>
			<string>text.plist.strings</string>
			<key>name</key>
			<string>en</string>
			<key>path</key>
			<string>en.lproj/Localizable.strings</string>
			<key>sourceTree</key>
			<string>&lt;group&gt;</string>
		</dict>
		<key>D0B3DCEC1BA2B08B0056F0D9</key>
		<dict>
			<key>isa</key>
			<string>PBXFileReference</string>
			<key>lastKnownFileType</key>
			<string>text.plist.strings</string>
			<key>name</key>
			<string>zh-Hans</string>
			<key>path</key>
			<string>zh-Hans.lproj/LaunchScreen.strings</string>
			<key>sourceTree</key>
			<string>&lt;group&gt;</string>
		</dict>
		<key>D0B3DCED1BA2B08B0056F0D9</key>
		<dict>
			<key>isa</key>
			<string>PBXFileReference</string>
			<key>lastKnownFileType</key>
			<string>text.plist.strings</string>
			<key>name</key>
			<string>zh-Hans</string>
			<key>path</key>
			<string>zh-Hans.lproj/Localizable.strings</string>
			<key>sourceTree</key>
			<string>&lt;group&gt;</string>
		</dict>
		<key>D0B3DCEE1BA2B3030056F0D9</key>
		<dict>
			<key>fileEncoding</key>
			<string>4</string>
			<key>isa</key>
			<string>PBXFileReference</string>
			<key>lastKnownFileType</key>
			<string>sourcecode.c.h</string>
			<key>path</key>
			<string>BlogTableViewCell.h</string>
			<key>sourceTree</key>
			<string>&lt;group&gt;</string>
		</dict>
		<key>D0B3DCEF1BA2B3030056F0D9</key>
		<dict>
			<key>fileEncoding</key>
			<string>4</string>
			<key>isa</key>
			<string>PBXFileReference</string>
			<key>lastKnownFileType</key>
			<string>sourcecode.c.objc</string>
			<key>path</key>
			<string>BlogTableViewCell.m</string>
			<key>sourceTree</key>
			<string>&lt;group&gt;</string>
		</dict>
		<key>D0B3DCF11BA2B3030056F0D9</key>
		<dict>
			<key>fileRef</key>
			<string>D0B3DCEF1BA2B3030056F0D9</string>
			<key>isa</key>
			<string>PBXBuildFile</string>
		</dict>
		<key>E15670437B00B1B771FE2B1D</key>
		<dict>
			<key>includeInIndex</key>
			<string>1</string>
			<key>isa</key>
			<string>PBXFileReference</string>
			<key>lastKnownFileType</key>
			<string>text.xcconfig</string>
			<key>name</key>
			<string>Pods-blog.debug.xcconfig</string>
			<key>path</key>
			<string>Pods/Target Support Files/Pods-blog/Pods-blog.debug.xcconfig</string>
			<key>sourceTree</key>
			<string>&lt;group&gt;</string>
		</dict>
		<key>a4d255dacc3b604f3f53373d</key>
		<dict>
			<key>baseConfigurationReference</key>
			<string>E15670437B00B1B771FE2B1D</string>
			<key>buildSettings</key>
			<dict>
				<key>CODE_SIGN_IDENTITY</key>
				<string>iPhone Developer</string>
				<key>ENABLE_BITCODE</key>
				<string>NO</string>
				<key>FRAMEWORK_SEARCH_PATHS</key>
				<array>
					<string>$(inherited)</string>
					<string>"$(SRCROOT)"</string>
				</array>
				<key>HEADER_SEARCH_PATHS</key>
				<array>
					<string>$(inherited)</string>
					<string>/Applications/Xcode.app/Contents/Developer/Toolchains/XcodeDefault.xctoolchain/usr/include</string>
					<string>"${PODS_ROOT}/Bypass/Libraries/bypass-core/src"</string>
					<string>"${PODS_ROOT}/XCAsyncTestCase"</string>
					<string>"${PODS_ROOT}/NSObject+Singleton"</string>
				</array>
				<key>INFOPLIST_FILE</key>
				<string>blog/Info.plist</string>
				<key>IPHONEOS_DEPLOYMENT_TARGET</key>
				<string>7.0</string>
				<key>LD_RUNPATH_SEARCH_PATHS</key>
				<string>$(inherited) @executable_path/Frameworks</string>
				<key>OTHER_LDFLAGS</key>
				<array>
					<string>$(inherited)</string>
					<string>-force_load</string>
					<string>"$(SRCROOT)/calabash.framework/calabash"</string>
					<string>-lstdc++</string>
				</array>
				<key>PRODUCT_BUNDLE_IDENTIFIER</key>
				<string>lazyathome.$(PRODUCT_NAME:rfc1034identifier)</string>
				<key>PRODUCT_NAME</key>
				<string>blog</string>
			</dict>
			<key>isa</key>
			<string>XCBuildConfiguration</string>
			<key>name</key>
			<string>Debug</string>
		</dict>
		<key>a5162048b336bd94f134588a</key>
		<dict>
			<key>fileRef</key>
			<string>D0404A291BAAA4AA0072DF55</string>
			<key>isa</key>
			<string>PBXBuildFile</string>
		</dict>
		<key>ae6509deffce7aa1e37f87f1</key>
		<dict>
			<key>buildConfigurationList</key>
			<string>f16fe292939e7ee800f5415b</string>
			<key>buildPhases</key>
			<array>
				<string>7edc2fdb34c3926a2b45e778</string>
				<string>ee436df8024f70fdc22718a4</string>
				<string>53440d87368150f99d95508f</string>
				<string>6b36d9bcae077c6f61afe8b9</string>
				<string>e9b366205f0667813a190d05</string>
				<string>6e9983397e57c69ed5625651</string>
			</array>
			<key>buildRules</key>
			<array/>
			<key>dependencies</key>
			<array/>
			<key>isa</key>
			<string>PBXNativeTarget</string>
			<key>name</key>
			<string>Blog-cal</string>
			<key>productName</key>
			<string>blog-cal</string>
			<key>productReference</key>
			<string>f3b31cac732f8f2ef5bf0e56</string>
			<key>productType</key>
			<string>com.apple.product-type.application</string>
		</dict>
		<key>af3de6410539663e2f92abc8</key>
		<dict>
			<key>fileEncoding</key>
			<string>4</string>
			<key>isa</key>
			<string>PBXFileReference</string>
			<key>lastKnownFileType</key>
			<string>wrapper.framework</string>
			<key>name</key>
			<string>CFNetwork.framework</string>
			<key>path</key>
			<string>System/Library/Frameworks/CFNetwork.framework</string>
			<key>sourceTree</key>
			<string>SDKROOT</string>
		</dict>
		<key>af74c15557a211466bd969fd</key>
		<dict>
			<key>fileRef</key>
			<string>D063BAB71BA6A2F200B4FF14</string>
			<key>isa</key>
			<string>PBXBuildFile</string>
		</dict>
		<key>b2109c4fb43c7919506df974</key>
		<dict>
			<key>fileEncoding</key>
			<string>4</string>
			<key>isa</key>
			<string>PBXFileReference</string>
			<key>lastKnownFileType</key>
			<string>wrapper.framework</string>
			<key>path</key>
			<string>calabash.framework</string>
			<key>sourceTree</key>
			<string>&lt;group&gt;</string>
		</dict>
		<key>c21d69e7ec926c1063fc4c50</key>
		<dict>
			<key>fileRef</key>
			<string>D0404A2D1BAAB0000072DF55</string>
			<key>isa</key>
			<string>PBXBuildFile</string>
		</dict>
		<key>ca10ce047436cc0f95d3ee97</key>
		<dict>
			<key>fileRef</key>
			<string>D067C9561BA006D200048D8B</string>
			<key>isa</key>
			<string>PBXBuildFile</string>
		</dict>
		<key>caf62f29be561f62ea7c767b</key>
		<dict>
			<key>fileRef</key>
			<string>D08A2F331BB107F800B6F49F</string>
			<key>isa</key>
			<string>PBXBuildFile</string>
		</dict>
		<key>ce9192ab81dd08a25cebd249</key>
		<dict>
			<key>fileRef</key>
			<string>1779A4D2ADD1EDB9A4142437</string>
			<key>isa</key>
			<string>PBXBuildFile</string>
			<key>settings</key>
			<dict>
				<key>ATTRIBUTES</key>
				<array>
					<string>Weak</string>
				</array>
			</dict>
		</dict>
		<key>ddf852f25fdabb57a888d8ea</key>
		<dict>
			<key>fileRef</key>
			<string>D067C9591BA006D200048D8B</string>
			<key>isa</key>
			<string>PBXBuildFile</string>
		</dict>
		<key>e9b366205f0667813a190d05</key>
		<dict>
			<key>buildActionMask</key>
			<string>2147483647</string>
			<key>files</key>
			<array/>
			<key>inputPaths</key>
			<array/>
			<key>isa</key>
			<string>PBXShellScriptBuildPhase</string>
			<key>name</key>
			<string>Embed Pods Frameworks</string>
			<key>outputPaths</key>
			<array/>
			<key>runOnlyForDeploymentPostprocessing</key>
			<string>0</string>
			<key>shellPath</key>
			<string>/bin/sh</string>
			<key>shellScript</key>
			<string>"${SRCROOT}/Pods/Target Support Files/Pods-Blog/Pods-Blog-frameworks.sh"
</string>
			<key>showEnvVarsInLog</key>
			<string>0</string>
		</dict>
		<key>ee436df8024f70fdc22718a4</key>
		<dict>
			<key>buildActionMask</key>
			<string>2147483647</string>
			<key>files</key>
			<array>
				<string>6a39b4edf86c408baf95a56e</string>
				<string>2f81c94e910b56aa148999bd</string>
				<string>42dd755f74476d45f96f300d</string>
				<string>8758e05b1e8ae7b74e9f2e7d</string>
				<string>ddf852f25fdabb57a888d8ea</string>
				<string>1a4e18910d4a6dda510eee43</string>
				<string>731846534cbdac81cf8a234d</string>
				<string>a5162048b336bd94f134588a</string>
				<string>f03b260dbfc5a85c02b143e2</string>
				<string>7f87ea80f93fdc34c59c80e0</string>
				<string>6c7d03f33f70a2a0ae96cf73</string>
				<string>01235d861942e7c44411dc93</string>
				<string>955e0dcd6562bd0f91d925ac</string>
				<string>2078eedfb4d4e71853b2ed3c</string>
				<string>1f395ad0c91d171c700e070e</string>
				<string>6f7b04e6199356c2395c74ef</string>
				<string>0279ae90f1a3e36306a0d455</string>
				<string>07ef37ebc0581a019f69b298</string>
				<string>3638eb341956e9f915057e54</string>
				<string>ca10ce047436cc0f95d3ee97</string>
			</array>
			<key>isa</key>
			<string>PBXSourcesBuildPhase</string>
			<key>runOnlyForDeploymentPostprocessing</key>
			<string>0</string>
		</dict>
		<key>ef0def5a9698ab42e4413e15</key>
		<dict>
			<key>fileRef</key>
			<string>9517C9E890700CADD5D96B19</string>
			<key>isa</key>
			<string>PBXBuildFile</string>
			<key>settings</key>
			<dict>
				<key>ATTRIBUTES</key>
				<array>
					<string>Weak</string>
				</array>
			</dict>
		</dict>
		<key>f03b260dbfc5a85c02b143e2</key>
		<dict>
			<key>fileRef</key>
			<string>D067C9821BA007A100048D8B</string>
			<key>isa</key>
			<string>PBXBuildFile</string>
		</dict>
		<key>f16fe292939e7ee800f5415b</key>
		<dict>
			<key>buildConfigurations</key>
			<array>
				<string>a4d255dacc3b604f3f53373d</string>
				<string>8c1fa80b4754e28e1f491e2e</string>
			</array>
			<key>defaultConfigurationIsVisible</key>
			<string>0</string>
			<key>defaultConfigurationName</key>
			<string>Release</string>
			<key>isa</key>
			<string>XCConfigurationList</string>
		</dict>
		<key>f3b31cac732f8f2ef5bf0e56</key>
		<dict>
			<key>explicitFileType</key>
			<string>wrapper.application</string>
			<key>includeInIndex</key>
			<string>0</string>
			<key>isa</key>
			<string>PBXFileReference</string>
			<key>path</key>
			<string>blog-cal.app</string>
			<key>sourceTree</key>
			<string>BUILT_PRODUCTS_DIR</string>
		</dict>
	</dict>
	<key>rootObject</key>
	<string>D067C9491BA006D200048D8B</string>
</dict>
</plist>
